<?xml version="1.0" encoding="utf-8"?>
<Project ToolsVersion="4.0" xmlns="http://schemas.microsoft.com/developer/msbuild/2003">
  <ItemGroup>
    <Filter Include="Source Files">
      <UniqueIdentifier>{8c100da0-db78-4a76-9fab-7f013b20dc32}</UniqueIdentifier>
      <Extensions>c</Extensions>
    </Filter>
    <Filter Include="Header Files">
      <UniqueIdentifier>{7e0ce68a-888b-4e3d-a3af-c435235dc402}</UniqueIdentifier>
      <Extensions>h</Extensions>
    </Filter>
    <Filter Include="Data Files">
      <UniqueIdentifier>{1fc3d225-18ad-44e6-ba60-6a807343fa3c}</UniqueIdentifier>
      <Extensions>dat</Extensions>
    </Filter>
    <Filter Include="Resource Files">
      <UniqueIdentifier>{6804e16a-5271-4d6f-83e3-5dad0d64962b}</UniqueIdentifier>
    </Filter>
  </ItemGroup>
  <ItemGroup>
    <ClCompile Include="bit.c">
      <Filter>Source Files</Filter>
    </ClCompile>
    <ClCompile Include="decoder.c">
      <Filter>Source Files</Filter>
    </ClCompile>
    <ClCompile Include="fixed.c">
      <Filter>Source Files</Filter>
    </ClCompile>
    <ClCompile Include="frame.c">
      <Filter>Source Files</Filter>
    </ClCompile>
    <ClCompile Include="huffman.c">
      <Filter>Source Files</Filter>
    </ClCompile>
    <ClCompile Include="layer12.c">
      <Filter>Source Files</Filter>
    </ClCompile>
    <ClCompile Include="layer3.c">
      <Filter>Source Files</Filter>
    </ClCompile>
    <ClCompile Include="stream.c">
      <Filter>Source Files</Filter>
    </ClCompile>
    <ClCompile Include="synth.c">
      <Filter>Source Files</Filter>
    </ClCompile>
    <ClCompile Include="timer.c">
      <Filter>Source Files</Filter>
    </ClCompile>
    <ClCompile Include="version.c">
      <Filter>Source Files</Filter>
    </ClCompile>
  </ItemGroup>
  <ItemGroup>
    <ClInclude Include="bit.h">
      <Filter>Header Files</Filter>
    </ClInclude>
    <ClInclude Include="config.h">
      <Filter>Header Files</Filter>
    </ClInclude>
    <ClInclude Include="decoder.h">
      <Filter>Header Files</Filter>
    </ClInclude>
    <ClInclude Include="fixed.h">
      <Filter>Header Files</Filter>
    </ClInclude>
    <ClInclude Include="frame.h">
      <Filter>Header Files</Filter>
    </ClInclude>
    <ClInclude Include="global.h">
      <Filter>Header Files</Filter>
    </ClInclude>
    <ClInclude Include="huffman.h">
      <Filter>Header Files</Filter>
    </ClInclude>
    <ClInclude Include="layer12.h">
      <Filter>Header Files</Filter>
    </ClInclude>
    <ClInclude Include="layer3.h">
      <Filter>Header Files</Filter>
    </ClInclude>
    <ClInclude Include="mad.h">
      <Filter>Header Files</Filter>
    </ClInclude>
    <ClInclude Include="stream.h">
      <Filter>Header Files</Filter>
    </ClInclude>
    <ClInclude Include="synth.h">
      <Filter>Header Files</Filter>
    </ClInclude>
    <ClInclude Include="timer.h">
      <Filter>Header Files</Filter>
    </ClInclude>
    <ClInclude Include="version.h">
      <Filter>Header Files</Filter>
    </ClInclude>
  </ItemGroup>
  <ItemGroup>
    <None Include="D.dat">
      <Filter>Data Files</Filter>
    </None>
    <None Include="imdct_s.dat">
      <Filter>Data Files</Filter>
    </None>
    <None Include="qc_table.dat">
      <Filter>Data Files</Filter>
    </None>
    <None Include="rq_table.dat">
      <Filter>Data Files</Filter>
    </None>
    <None Include="sf_table.dat">
      <Filter>Data Files</Filter>
    </None>
    <None Include="ff_libmad.def" />
  </ItemGroup>
  <ItemGroup>
    <ResourceCompile Include="ff_libmad.rc">
      <Filter>Resource Files</Filter>
    </ResourceCompile>
  </ItemGroup>
</Project>