<?xml version="1.0" encoding="utf-8"?>
<Project ToolsVersion="4.0" xmlns="http://schemas.microsoft.com/developer/msbuild/2003">
  <ItemGroup>
    <Filter Include="Source Files">
      <UniqueIdentifier>{f572a891-5a6e-4260-bc73-0c09a02496cb}</UniqueIdentifier>
      <Extensions>cpp;c;cxx;rc;def;r;odl;idl;hpj;bat</Extensions>
    </Filter>
    <Filter Include="Header Files">
      <UniqueIdentifier>{e42db6c7-2821-40a8-b300-f82b58163131}</UniqueIdentifier>
      <Extensions>h;hpp;hxx;hm;inl</Extensions>
    </Filter>
    <Filter Include="Resource Files">
      <UniqueIdentifier>{2e2efa2a-082f-429c-a003-d73cb82562d5}</UniqueIdentifier>
    </Filter>
  </ItemGroup>
  <ItemGroup>
    <ClCompile Include="driverproc.cpp">
      <Filter>Source Files</Filter>
    </ClCompile>
    <ClCompile Include="..\src\ffdebug.c">
      <Filter>Source Files</Filter>
    </ClCompile>
  </ItemGroup>
  <ItemGroup>
    <ClInclude Include="..\src\ffdebug.h">
      <Filter>Header Files</Filter>
    </ClInclude>
    <ClInclude Include="..\src\ffdshow_mediaguids.h">
      <Filter>Header Files</Filter>
    </ClInclude>
    <ClInclude Include="..\src\IffdshowEnc.h">
      <Filter>Header Files</Filter>
    </ClInclude>
    <ClInclude Include="..\src\Iffvfw.h">
      <Filter>Header Files</Filter>
    </ClInclude>
    <ClInclude Include="..\src\acm\msacmdrv.h">
      <Filter>Header Files</Filter>
    </ClInclude>
    <ClInclude Include="TcomInit.h">
      <Filter>Header Files</Filter>
    </ClInclude>
  </ItemGroup>
  <ItemGroup>
    <None Include="ff_vfw.def" />
  </ItemGroup>
  <ItemGroup>
    <ResourceCompile Include="ff_vfw.rc">
      <Filter>Resource Files</Filter>
    </ResourceCompile>
  </ItemGroup>
</Project>