<?xml version="1.0" encoding="utf-8"?>
<Project ToolsVersion="4.0" xmlns="http://schemas.microsoft.com/developer/msbuild/2003">
  <ItemGroup>
    <Filter Include="Source Files">
      <UniqueIdentifier>{4FC737F1-C7A5-4376-A066-2A32D752A2FF}</UniqueIdentifier>
      <Extensions>cpp;c;cc;cxx;def;odl;idl;hpj;bat;asm;asmx</Extensions>
    </Filter>
    <Filter Include="Header Files">
      <UniqueIdentifier>{93995380-89BD-4b04-88EB-625FBE52EBFB}</UniqueIdentifier>
      <Extensions>h;hpp;hxx;hm;inl;inc;xsd</Extensions>
    </Filter>
    <Filter Include="Resource Files">
      <UniqueIdentifier>{67DA6AB6-F800-4c08-8B7A-83BB121AAD01}</UniqueIdentifier>
      <Extensions>rc;ico;cur;bmp;dlg;rc2;rct;bin;rgs;gif;jpg;jpeg;jpe;resx;tiff;tif;png;wav</Extensions>
    </Filter>
    <Filter Include="libavcodec">
      <UniqueIdentifier>{b4d7a0bb-bc6d-443d-b961-113cce88d13f}</UniqueIdentifier>
    </Filter>
    <Filter Include="libavfilter">
      <UniqueIdentifier>{d4255237-615f-46bd-bf4f-4c031a370f23}</UniqueIdentifier>
    </Filter>
    <Filter Include="libavutil">
      <UniqueIdentifier>{a56a0f4a-ebe6-433d-8ca3-cb90b249f670}</UniqueIdentifier>
    </Filter>
    <Filter Include="libpostproc">
      <UniqueIdentifier>{1826b1af-fbed-47da-855d-f335d823f538}</UniqueIdentifier>
    </Filter>
    <Filter Include="libswscale">
      <UniqueIdentifier>{0c6a4abb-d206-4255-a68c-47a5c31de202}</UniqueIdentifier>
    </Filter>
    <Filter Include="icl">
      <UniqueIdentifier>{94ea82f2-a96f-40e6-a860-335d23502434}</UniqueIdentifier>
    </Filter>
    <Filter Include="libavfilter\x86">
      <UniqueIdentifier>{efcb9d6d-bfe4-45a4-8120-f1a41afca606}</UniqueIdentifier>
    </Filter>
    <Filter Include="Header Files\x86">
      <UniqueIdentifier>{5d4a8b20-2b70-4055-8698-e54e195f1125}</UniqueIdentifier>
    </Filter>
    <Filter Include="zlib">
      <UniqueIdentifier>{24c197ae-9d26-49b3-932e-731e5f0f03c7}</UniqueIdentifier>
    </Filter>
    <Filter Include="zlib\Header Files">
      <UniqueIdentifier>{f22e2403-fb1f-40c6-aec2-de50a8614e96}</UniqueIdentifier>
    </Filter>
    <Filter Include="libavcodec\x86">
      <UniqueIdentifier>{16e54326-28db-4da7-bc4e-83720b5eebb0}</UniqueIdentifier>
    </Filter>
    <Filter Include="libavutil\x86">
      <UniqueIdentifier>{cee8be89-2a56-4ae4-8117-f498e4d86e58}</UniqueIdentifier>
    </Filter>
    <Filter Include="libswscale\x86">
      <UniqueIdentifier>{bd0d55f9-3522-46e5-ae48-e062cdd025e8}</UniqueIdentifier>
    </Filter>
  </ItemGroup>
  <ItemGroup>
    <ClCompile Include="..\DllEntry.c">
      <Filter>Source Files</Filter>
    </ClCompile>
    <ClCompile Include="..\libavutil\utils.c">
      <Filter>libavutil</Filter>
    </ClCompile>
    <ClCompile Include="..\libavcodec\8bps.c">
      <Filter>libavcodec</Filter>
    </ClCompile>
    <ClCompile Include="..\libavcodec\aac_ac3_parser.c">
      <Filter>libavcodec</Filter>
    </ClCompile>
    <ClCompile Include="..\libavcodec\aac_parser.c">
      <Filter>libavcodec</Filter>
    </ClCompile>
    <ClCompile Include="..\libavcodec\aacadtsdec.c">
      <Filter>libavcodec</Filter>
    </ClCompile>
    <ClCompile Include="..\libavcodec\aacdec.c">
      <Filter>libavcodec</Filter>
    </ClCompile>
    <ClCompile Include="..\libavcodec\aacps.c">
      <Filter>libavcodec</Filter>
    </ClCompile>
    <ClCompile Include="..\libavcodec\aacpsdata.c">
      <Filter>libavcodec</Filter>
    </ClCompile>
    <ClCompile Include="..\libavcodec\aacsbr.c">
      <Filter>libavcodec</Filter>
    </ClCompile>
    <ClCompile Include="..\libavcodec\aactab.c">
      <Filter>libavcodec</Filter>
    </ClCompile>
    <ClCompile Include="..\libavcodec\aandcttab.c">
      <Filter>libavcodec</Filter>
    </ClCompile>
    <ClCompile Include="..\libavcodec\aasc.c">
      <Filter>libavcodec</Filter>
    </ClCompile>
    <ClCompile Include="..\libavcodec\ac3.c">
      <Filter>libavcodec</Filter>
    </ClCompile>
    <ClCompile Include="..\libavcodec\ac3_parser.c">
      <Filter>libavcodec</Filter>
    </ClCompile>
    <ClCompile Include="..\libavcodec\ac3dec.c">
      <Filter>libavcodec</Filter>
    </ClCompile>
    <ClCompile Include="..\libavcodec\ac3dec_data.c">
      <Filter>libavcodec</Filter>
    </ClCompile>
    <ClCompile Include="..\libavcodec\ac3dsp.c">
      <Filter>libavcodec</Filter>
    </ClCompile>
    <ClCompile Include="..\libavcodec\ac3enc.c">
      <Filter>libavcodec</Filter>
    </ClCompile>
    <ClCompile Include="..\libavcodec\ac3enc_fixed.c">
      <Filter>libavcodec</Filter>
    </ClCompile>
    <ClCompile Include="..\libavcodec\ac3enc_float.c">
      <Filter>libavcodec</Filter>
    </ClCompile>
    <ClCompile Include="..\libavcodec\ac3enc_opts_template.c">
      <Filter>libavcodec</Filter>
    </ClCompile>
    <ClCompile Include="..\libavcodec\ac3enc_template.c">
      <Filter>libavcodec</Filter>
    </ClCompile>
    <ClCompile Include="..\libavcodec\ac3tab.c">
      <Filter>libavcodec</Filter>
    </ClCompile>
    <ClCompile Include="..\libavcodec\acelp_filters.c">
      <Filter>libavcodec</Filter>
    </ClCompile>
    <ClCompile Include="..\libavcodec\acelp_pitch_delay.c">
      <Filter>libavcodec</Filter>
    </ClCompile>
    <ClCompile Include="..\libavcodec\acelp_vectors.c">
      <Filter>libavcodec</Filter>
    </ClCompile>
    <ClCompile Include="..\libavcodec\adpcm.c">
      <Filter>libavcodec</Filter>
    </ClCompile>
    <ClCompile Include="..\libavcodec\adpcm_data.c">
      <Filter>libavcodec</Filter>
    </ClCompile>
    <ClCompile Include="..\libavcodec\allcodecs.c">
      <Filter>libavcodec</Filter>
    </ClCompile>
    <ClCompile Include="..\libavcodec\amrwbdec.c">
      <Filter>libavcodec</Filter>
    </ClCompile>
    <ClCompile Include="..\libavcodec\amrnbdec.c">
      <Filter>libavcodec</Filter>
    </ClCompile>
    <ClCompile Include="..\libavcodec\asv1.c">
      <Filter>libavcodec</Filter>
    </ClCompile>
    <ClCompile Include="..\libavcodec\atrac.c">
      <Filter>libavcodec</Filter>
    </ClCompile>
    <ClCompile Include="..\libavcodec\atrac3.c">
      <Filter>libavcodec</Filter>
    </ClCompile>
    <ClCompile Include="..\libavcodec\audioconvert.c">
      <Filter>libavcodec</Filter>
    </ClCompile>
    <ClCompile Include="..\libavutil\audioconvert.c">
      <Filter>libavutil</Filter>
    </ClCompile>
    <ClCompile Include="..\libavcodec\avfft.c">
      <Filter>libavcodec</Filter>
    </ClCompile>
    <ClCompile Include="..\libavcodec\avs.c">
      <Filter>libavcodec</Filter>
    </ClCompile>
    <ClCompile Include="..\libavcodec\avpacket.c">
      <Filter>libavcodec</Filter>
    </ClCompile>
    <ClCompile Include="..\libavutil\avstring.c">
      <Filter>libavutil</Filter>
    </ClCompile>
    <ClCompile Include="..\libavcodec\bitstream.c">
      <Filter>libavcodec</Filter>
    </ClCompile>
    <ClCompile Include="..\libavcodec\bit_depth_template.c">
      <Filter>libavcodec</Filter>
    </ClCompile>
    <ClCompile Include="..\libavcodec\cabac.c">
      <Filter>libavcodec</Filter>
    </ClCompile>
    <ClCompile Include="..\libavcodec\cavs.c">
      <Filter>libavcodec</Filter>
    </ClCompile>
    <ClCompile Include="..\libavcodec\cavsdec.c">
      <Filter>libavcodec</Filter>
    </ClCompile>
    <ClCompile Include="..\libavcodec\cavsdsp.c">
      <Filter>libavcodec</Filter>
    </ClCompile>
    <ClCompile Include="..\libavcodec\celp_filters.c">
      <Filter>libavcodec</Filter>
    </ClCompile>
    <ClCompile Include="..\libavcodec\celp_math.c">
      <Filter>libavcodec</Filter>
    </ClCompile>
    <ClCompile Include="..\libavcodec\cinepak.c">
      <Filter>libavcodec</Filter>
    </ClCompile>
    <ClCompile Include="..\libavcodec\cook.c">
      <Filter>libavcodec</Filter>
    </ClCompile>
    <ClCompile Include="..\libavutil\cpu.c">
      <Filter>libavutil</Filter>
    </ClCompile>
    <ClCompile Include="..\libavutil\crc.c">
      <Filter>libavutil</Filter>
    </ClCompile>
    <ClCompile Include="..\libavcodec\cyuv.c">
      <Filter>libavcodec</Filter>
    </ClCompile>
    <ClCompile Include="..\libavcodec\cscd.c">
      <Filter>libavcodec</Filter>
    </ClCompile>
    <ClCompile Include="..\libavcodec\dca.c">
      <Filter>libavcodec</Filter>
    </ClCompile>
    <ClCompile Include="..\libavcodec\dca_parser.c">
      <Filter>libavcodec</Filter>
    </ClCompile>
    <ClCompile Include="..\libavcodec\dcadsp.c">
      <Filter>libavcodec</Filter>
    </ClCompile>
    <ClCompile Include="..\libavcodec\dct.c">
      <Filter>libavcodec</Filter>
    </ClCompile>
    <ClCompile Include="..\libavcodec\dct32.c">
      <Filter>libavcodec</Filter>
    </ClCompile>
    <ClCompile Include="..\libavcodec\dct32_fixed.c">
      <Filter>libavcodec</Filter>
    </ClCompile>
    <ClCompile Include="..\libavcodec\dct32_float.c">
      <Filter>libavcodec</Filter>
    </ClCompile>
    <ClCompile Include="..\libavutil\dict.c">
      <Filter>libavutil</Filter>
    </ClCompile>
    <ClCompile Include="..\libavcodec\dsputil.c">
      <Filter>libavcodec</Filter>
    </ClCompile>
    <ClCompile Include="..\libavcodec\dsputil_template.c">
      <Filter>libavcodec</Filter>
    </ClCompile>
    <ClCompile Include="..\libavcodec\dv.c">
      <Filter>libavcodec</Filter>
    </ClCompile>
    <ClCompile Include="..\libavcodec\eac3_data.c">
      <Filter>libavcodec</Filter>
    </ClCompile>
    <ClCompile Include="..\libavcodec\eac3dec.c">
      <Filter>libavcodec</Filter>
    </ClCompile>
    <ClCompile Include="..\libavcodec\error_resilience.c">
      <Filter>libavcodec</Filter>
    </ClCompile>
    <ClCompile Include="..\libavcodec\faandct.c">
      <Filter>libavcodec</Filter>
    </ClCompile>
    <ClCompile Include="..\libavcodec\faanidct.c">
      <Filter>libavcodec</Filter>
    </ClCompile>
    <ClCompile Include="..\libavcodec\ffmpegContext.c">
      <Filter>libavcodec</Filter>
    </ClCompile>
    <ClCompile Include="..\libavcodec\fft.c">
      <Filter>libavcodec</Filter>
    </ClCompile>
    <ClCompile Include="..\libavcodec\fft_fixed.c">
      <Filter>libavcodec</Filter>
    </ClCompile>
    <ClCompile Include="..\libavcodec\fft_float.c">
      <Filter>libavcodec</Filter>
    </ClCompile>
    <ClCompile Include="..\libavcodec\ffv1.c">
      <Filter>libavcodec</Filter>
    </ClCompile>
    <ClCompile Include="..\libavcodec\flac.c">
      <Filter>libavcodec</Filter>
    </ClCompile>
    <ClCompile Include="..\libavcodec\flacdata.c">
      <Filter>libavcodec</Filter>
    </ClCompile>
    <ClCompile Include="..\libavcodec\flacdec.c">
      <Filter>libavcodec</Filter>
    </ClCompile>
    <ClCompile Include="..\libavcodec\flvdec.c">
      <Filter>libavcodec</Filter>
    </ClCompile>
    <ClCompile Include="..\libavcodec\fmtconvert.c">
      <Filter>libavcodec</Filter>
    </ClCompile>
    <ClCompile Include="..\libavcodec\g726.c">
      <Filter>libavcodec</Filter>
    </ClCompile>
    <ClCompile Include="..\libavcodec\fraps.c">
      <Filter>libavcodec</Filter>
    </ClCompile>
    <ClCompile Include="..\libavcodec\golomb.c">
      <Filter>libavcodec</Filter>
    </ClCompile>
    <ClCompile Include="..\libavcodec\gsmdec.c">
      <Filter>libavcodec</Filter>
    </ClCompile>
    <ClCompile Include="..\libavcodec\gsmdec_data.c">
      <Filter>libavcodec</Filter>
    </ClCompile>
    <ClCompile Include="..\libavcodec\gsmdec_template.c">
      <Filter>libavcodec</Filter>
    </ClCompile>
    <ClCompile Include="..\libavcodec\h261.c">
      <Filter>libavcodec</Filter>
    </ClCompile>
    <ClCompile Include="..\libavcodec\h261dec.c">
      <Filter>libavcodec</Filter>
    </ClCompile>
    <ClCompile Include="..\libavcodec\h263.c">
      <Filter>libavcodec</Filter>
    </ClCompile>
    <ClCompile Include="..\libavcodec\h263_parser.c">
      <Filter>libavcodec</Filter>
    </ClCompile>
    <ClCompile Include="..\libavcodec\h263dec.c">
      <Filter>libavcodec</Filter>
    </ClCompile>
    <ClCompile Include="..\libavcodec\h264.c">
      <Filter>libavcodec</Filter>
    </ClCompile>
    <ClCompile Include="..\libavcodec\h264_cabac.c">
      <Filter>libavcodec</Filter>
    </ClCompile>
    <ClCompile Include="..\libavcodec\h264_cavlc.c">
      <Filter>libavcodec</Filter>
    </ClCompile>
    <ClCompile Include="..\libavcodec\h264_direct.c">
      <Filter>libavcodec</Filter>
    </ClCompile>
    <ClCompile Include="..\libavcodec\h264_dxva.c">
      <Filter>libavcodec</Filter>
    </ClCompile>
    <ClCompile Include="..\libavcodec\h264_loopfilter.c">
      <Filter>libavcodec</Filter>
    </ClCompile>
    <ClCompile Include="..\libavcodec\h264_parser.c">
      <Filter>libavcodec</Filter>
    </ClCompile>
    <ClCompile Include="..\libavcodec\h264_ps.c">
      <Filter>libavcodec</Filter>
    </ClCompile>
    <ClCompile Include="..\libavcodec\h264_recov.c">
      <Filter>libavcodec</Filter>
    </ClCompile>
    <ClCompile Include="..\libavcodec\h264_refs.c">
      <Filter>libavcodec</Filter>
    </ClCompile>
    <ClCompile Include="..\libavcodec\h264_sei.c">
      <Filter>libavcodec</Filter>
    </ClCompile>
    <ClCompile Include="..\libavcodec\h264dsp.c">
      <Filter>libavcodec</Filter>
    </ClCompile>
    <ClCompile Include="..\libavcodec\h264dsp_template.c">
      <Filter>libavcodec</Filter>
    </ClCompile>
    <ClCompile Include="..\libavcodec\h264idct.c">
      <Filter>libavcodec</Filter>
    </ClCompile>
    <ClCompile Include="..\libavcodec\h264idct_template.c">
      <Filter>libavcodec</Filter>
    </ClCompile>
    <ClCompile Include="..\libavcodec\h264pred.c">
      <Filter>libavcodec</Filter>
    </ClCompile>
    <ClCompile Include="..\libavcodec\h264pred_template.c">
      <Filter>libavcodec</Filter>
    </ClCompile>
    <ClCompile Include="..\libavcodec\huffman.c">
      <Filter>libavcodec</Filter>
    </ClCompile>
    <ClCompile Include="..\libavcodec\huffyuv.c">
      <Filter>libavcodec</Filter>
    </ClCompile>
    <ClCompile Include="..\libavcodec\indeo2.c">
      <Filter>libavcodec</Filter>
    </ClCompile>
    <ClCompile Include="..\libavcodec\indeo3.c">
      <Filter>libavcodec</Filter>
    </ClCompile>
    <ClCompile Include="..\libavcodec\indeo4.c">
      <Filter>libavcodec</Filter>
    </ClCompile>
    <ClCompile Include="..\libavcodec\indeo5.c">
      <Filter>libavcodec</Filter>
    </ClCompile>
    <ClCompile Include="..\libavcodec\intelh263dec.c">
      <Filter>libavcodec</Filter>
    </ClCompile>
    <ClCompile Include="..\libavcodec\mjpeg.c">
      <Filter>libavcodec</Filter>
    </ClCompile>
    <ClCompile Include="..\libavcodec\mjpeg_parser.c">
      <Filter>libavcodec</Filter>
    </ClCompile>
    <ClCompile Include="..\libavcodec\mjpegbdec.c">
      <Filter>libavcodec</Filter>
    </ClCompile>
    <ClCompile Include="..\libavcodec\mjpegdec.c">
      <Filter>libavcodec</Filter>
    </ClCompile>
    <ClCompile Include="..\libavcodec\mjpegenc.c">
      <Filter>libavcodec</Filter>
    </ClCompile>
    <ClCompile Include="..\libavcodec\mlp.c">
      <Filter>libavcodec</Filter>
    </ClCompile>
    <ClCompile Include="..\libavcodec\mlp_parser.c">
      <Filter>libavcodec</Filter>
    </ClCompile>
    <ClCompile Include="..\libavcodec\mlpdec.c">
      <Filter>libavcodec</Filter>
    </ClCompile>
    <ClCompile Include="..\libavcodec\mlpdsp.c">
      <Filter>libavcodec</Filter>
    </ClCompile>
    <ClCompile Include="..\libavcodec\motion_est.c">
      <Filter>libavcodec</Filter>
    </ClCompile>
    <ClCompile Include="..\libavcodec\motion_est_template.c">
      <Filter>libavcodec</Filter>
    </ClCompile>
    <ClCompile Include="..\libavcodec\mpeg12.c">
      <Filter>libavcodec</Filter>
    </ClCompile>
    <ClCompile Include="..\libavcodec\mpeg12data.c">
      <Filter>libavcodec</Filter>
    </ClCompile>
    <ClCompile Include="..\libavcodec\mpeg4audio.c">
      <Filter>libavcodec</Filter>
    </ClCompile>
    <ClCompile Include="..\libavcodec\mpeg4video.c">
      <Filter>libavcodec</Filter>
    </ClCompile>
    <ClCompile Include="..\libavcodec\mpeg4video_parser.c">
      <Filter>libavcodec</Filter>
    </ClCompile>
    <ClCompile Include="..\libavcodec\mpeg4videodec.c">
      <Filter>libavcodec</Filter>
    </ClCompile>
    <ClCompile Include="..\libavcodec\mpegaudio.c">
      <Filter>libavcodec</Filter>
    </ClCompile>
    <ClCompile Include="..\libavcodec\mpegaudio_parser.c">
      <Filter>libavcodec</Filter>
    </ClCompile>
    <ClCompile Include="..\libavcodec\mpegaudiodata.c">
      <Filter>libavcodec</Filter>
    </ClCompile>
    <ClCompile Include="..\libavcodec\mpegaudiodec.c">
      <Filter>libavcodec</Filter>
    </ClCompile>
    <ClCompile Include="..\libavcodec\mpegaudiodec_float.c">
      <Filter>libavcodec</Filter>
    </ClCompile>
    <ClCompile Include="..\libavcodec\mpegaudiodecheader.c">
      <Filter>libavcodec</Filter>
    </ClCompile>
    <ClCompile Include="..\libavcodec\mpegaudiodsp.c">
      <Filter>libavcodec</Filter>
    </ClCompile>
    <ClCompile Include="..\libavcodec\mpegaudiodsp_fixed.c">
      <Filter>libavcodec</Filter>
    </ClCompile>
    <ClCompile Include="..\libavcodec\mpegaudiodsp_float.c">
      <Filter>libavcodec</Filter>
    </ClCompile>
    <ClCompile Include="..\libavcodec\mpegaudiodsp_template.c">
      <Filter>libavcodec</Filter>
    </ClCompile>
    <ClCompile Include="..\libavcodec\mpegvideo.c">
      <Filter>libavcodec</Filter>
    </ClCompile>
    <ClCompile Include="..\libavcodec\mpegvideo_enc.c">
      <Filter>libavcodec</Filter>
    </ClCompile>
    <ClCompile Include="..\libavcodec\mpegvideo_parser.c">
      <Filter>libavcodec</Filter>
    </ClCompile>
    <ClCompile Include="..\libavcodec\msmpeg4.c">
      <Filter>libavcodec</Filter>
    </ClCompile>
    <ClCompile Include="..\libavcodec\msmpeg4data.c">
      <Filter>libavcodec</Filter>
    </ClCompile>
    <ClCompile Include="..\libavcodec\msrle.c">
      <Filter>libavcodec</Filter>
    </ClCompile>
    <ClCompile Include="..\libavcodec\msrledec.c">
      <Filter>libavcodec</Filter>
    </ClCompile>
    <ClCompile Include="..\libavcodec\msvideo1.c">
      <Filter>libavcodec</Filter>
    </ClCompile>
    <ClCompile Include="..\libavcodec\nellymoser.c">
      <Filter>libavcodec</Filter>
    </ClCompile>
    <ClCompile Include="..\libavcodec\nellymoserdec.c">
      <Filter>libavcodec</Filter>
    </ClCompile>
    <ClCompile Include="..\libavcodec\png.c">
      <Filter>libavcodec</Filter>
    </ClCompile>
    <ClCompile Include="..\libavcodec\pngdec.c">
      <Filter>libavcodec</Filter>
    </ClCompile>
    <ClCompile Include="..\libavcodec\pngdsp.c">
      <Filter>libavcodec</Filter>
    </ClCompile>
    <ClCompile Include="..\libavcodec\pngenc.c">
      <Filter>libavcodec</Filter>
    </ClCompile>
    <ClCompile Include="..\libavcodec\rv10.c">
      <Filter>libavcodec</Filter>
    </ClCompile>
    <ClCompile Include="..\libavcodec\rv30.c">
      <Filter>libavcodec</Filter>
    </ClCompile>
    <ClCompile Include="..\libavcodec\rv30dsp.c">
      <Filter>libavcodec</Filter>
    </ClCompile>
    <ClCompile Include="..\libavcodec\rv34.c">
      <Filter>libavcodec</Filter>
    </ClCompile>
    <ClCompile Include="..\libavcodec\rv34dsp.c">
      <Filter>libavcodec</Filter>
    </ClCompile>
    <ClCompile Include="..\libavcodec\rv40.c">
      <Filter>libavcodec</Filter>
    </ClCompile>
    <ClCompile Include="..\libavcodec\rv40dsp.c">
      <Filter>libavcodec</Filter>
    </ClCompile>
    <ClCompile Include="..\libavcodec\truemotion1.c">
      <Filter>libavcodec</Filter>
    </ClCompile>
    <ClCompile Include="..\libavcodec\truemotion2.c">
      <Filter>libavcodec</Filter>
    </ClCompile>
    <ClCompile Include="..\libavcodec\truespeech.c">
      <Filter>libavcodec</Filter>
    </ClCompile>
    <ClCompile Include="..\libavcodec\vc1.c">
      <Filter>libavcodec</Filter>
    </ClCompile>
    <ClCompile Include="..\libavcodec\vc1_dxva.c">
      <Filter>libavcodec</Filter>
    </ClCompile>
    <ClCompile Include="..\libavcodec\vc1data.c">
      <Filter>libavcodec</Filter>
    </ClCompile>
    <ClCompile Include="..\libavcodec\vc1dec.c">
      <Filter>libavcodec</Filter>
    </ClCompile>
    <ClCompile Include="..\libavcodec\vc1dsp.c">
      <Filter>libavcodec</Filter>
    </ClCompile>
    <ClCompile Include="..\libavcodec\vcr1.c">
      <Filter>libavcodec</Filter>
    </ClCompile>
    <ClCompile Include="..\libavcodec\vp3.c">
      <Filter>libavcodec</Filter>
    </ClCompile>
    <ClCompile Include="..\libavcodec\vp3dsp.c">
      <Filter>libavcodec</Filter>
    </ClCompile>
    <ClCompile Include="..\libavcodec\vp5.c">
      <Filter>libavcodec</Filter>
    </ClCompile>
    <ClCompile Include="..\libavcodec\vp56.c">
      <Filter>libavcodec</Filter>
    </ClCompile>
    <ClCompile Include="..\libavcodec\vp56data.c">
      <Filter>libavcodec</Filter>
    </ClCompile>
    <ClCompile Include="..\libavcodec\vp56dsp.c">
      <Filter>libavcodec</Filter>
    </ClCompile>
    <ClCompile Include="..\libavcodec\vp56rac.c">
      <Filter>libavcodec</Filter>
    </ClCompile>
    <ClCompile Include="..\libavcodec\vp6.c">
      <Filter>libavcodec</Filter>
    </ClCompile>
    <ClCompile Include="..\libavcodec\vp6dsp.c">
      <Filter>libavcodec</Filter>
    </ClCompile>
    <ClCompile Include="..\libavcodec\vp8.c">
      <Filter>libavcodec</Filter>
    </ClCompile>
    <ClCompile Include="..\libavcodec\vp8dsp.c">
      <Filter>libavcodec</Filter>
    </ClCompile>
    <ClCompile Include="..\libavcodec\wavpack.c">
      <Filter>libavcodec</Filter>
    </ClCompile>
    <ClCompile Include="..\libavcodec\wma.c">
      <Filter>libavcodec</Filter>
    </ClCompile>
    <ClCompile Include="..\libavcodec\wma_common.c">
      <Filter>libavcodec</Filter>
    </ClCompile>
    <ClCompile Include="..\libavcodec\wmadec.c">
      <Filter>libavcodec</Filter>
    </ClCompile>
    <ClCompile Include="..\libavcodec\wmv2.c">
      <Filter>libavcodec</Filter>
    </ClCompile>
    <ClCompile Include="..\libavcodec\wmv2dec.c">
      <Filter>libavcodec</Filter>
    </ClCompile>
    <ClCompile Include="..\libavcodec\wnv1.c">
      <Filter>libavcodec</Filter>
    </ClCompile>
    <ClCompile Include="..\libavcodec\imc.c">
      <Filter>libavcodec</Filter>
    </ClCompile>
    <ClCompile Include="..\libavcodec\imgconvert.c">
      <Filter>libavcodec</Filter>
    </ClCompile>
    <ClCompile Include="..\libavutil\imgutils.c">
      <Filter>libavutil</Filter>
    </ClCompile>
    <ClCompile Include="..\libswscale\input.c">
      <Filter>libswscale</Filter>
    </ClCompile>
    <ClCompile Include="..\libavutil\intfloat_readwrite.c">
      <Filter>libavutil</Filter>
    </ClCompile>
    <ClCompile Include="..\libavutil\inverse.c">
      <Filter>libavutil</Filter>
    </ClCompile>
    <ClCompile Include="..\libavcodec\ituh263dec.c">
      <Filter>libavcodec</Filter>
    </ClCompile>
    <ClCompile Include="..\libavcodec\intrax8dsp.c">
      <Filter>libavcodec</Filter>
    </ClCompile>
    <ClCompile Include="..\libavcodec\intrax8.c">
      <Filter>libavcodec</Filter>
    </ClCompile>
    <ClCompile Include="..\libavcodec\jpeglsdec.c">
      <Filter>libavcodec</Filter>
    </ClCompile>
    <ClCompile Include="..\libavcodec\jpegls.c">
      <Filter>libavcodec</Filter>
    </ClCompile>
    <ClCompile Include="..\libavcodec\jfdctfst.c">
      <Filter>libavcodec</Filter>
    </ClCompile>
    <ClCompile Include="..\libavcodec\jfdctint.c">
      <Filter>libavcodec</Filter>
    </ClCompile>
    <ClCompile Include="..\libavcodec\jfdctint_template.c">
      <Filter>libavcodec</Filter>
    </ClCompile>
    <ClCompile Include="..\libavcodec\kbdwin.c">
      <Filter>libavcodec</Filter>
    </ClCompile>
    <ClCompile Include="..\libavcodec\jrevdct.c">
      <Filter>libavcodec</Filter>
    </ClCompile>
    <ClCompile Include="..\libavcodec\ivi_dsp.c">
      <Filter>libavcodec</Filter>
    </ClCompile>
    <ClCompile Include="..\libavcodec\ivi_common.c">
      <Filter>libavcodec</Filter>
    </ClCompile>
    <ClCompile Include="..\libavutil\lfg.c">
      <Filter>libavutil</Filter>
    </ClCompile>
    <ClCompile Include="..\libavutil\lls.c">
      <Filter>libavutil</Filter>
    </ClCompile>
    <ClCompile Include="..\libavutil\log.c">
      <Filter>libavutil</Filter>
    </ClCompile>
    <ClCompile Include="..\libavcodec\lsp.c">
      <Filter>libavcodec</Filter>
    </ClCompile>
    <ClCompile Include="..\libavcodec\lcldec.c">
      <Filter>libavcodec</Filter>
    </ClCompile>
    <ClCompile Include="..\libavcodec\loco.c">
      <Filter>libavcodec</Filter>
    </ClCompile>
    <ClCompile Include="..\libavutil\md5.c">
      <Filter>libavutil</Filter>
    </ClCompile>
    <ClCompile Include="..\libavcodec\mdct.c">
      <Filter>libavcodec</Filter>
    </ClCompile>
    <ClCompile Include="..\libavcodec\mdct_fixed.c">
      <Filter>libavcodec</Filter>
    </ClCompile>
    <ClCompile Include="..\libavcodec\mdct_float.c">
      <Filter>libavcodec</Filter>
    </ClCompile>
    <ClCompile Include="..\libavutil\mathematics.c">
      <Filter>libavutil</Filter>
    </ClCompile>
    <ClCompile Include="..\libavutil\mem.c">
      <Filter>libavutil</Filter>
    </ClCompile>
    <ClCompile Include="..\libavcodec\mace.c">
      <Filter>libavcodec</Filter>
    </ClCompile>
    <ClCompile Include="..\libavcodec\msgsmdec.c">
      <Filter>libavcodec</Filter>
    </ClCompile>
    <ClCompile Include="..\libavutil\opt.c">
      <Filter>libavutil</Filter>
    </ClCompile>
    <ClCompile Include="..\libavcodec\options.c">
      <Filter>libavcodec</Filter>
    </ClCompile>
    <ClCompile Include="..\libswscale\output.c">
      <Filter>libswscale</Filter>
    </ClCompile>
    <ClCompile Include="..\libavutil\pixdesc.c">
      <Filter>libavutil</Filter>
    </ClCompile>
    <ClCompile Include="..\libavcodec\pcm.c">
      <Filter>libavcodec</Filter>
    </ClCompile>
    <ClCompile Include="..\libavcodec\parser.c">
      <Filter>libavcodec</Filter>
    </ClCompile>
    <ClCompile Include="..\libavcodec\psdata.c">
      <Filter>libavcodec</Filter>
    </ClCompile>
    <ClCompile Include="..\libavcodec\pthread.c">
      <Filter>libavcodec</Filter>
    </ClCompile>
    <ClCompile Include="..\libavcodec\qdm2.c">
      <Filter>libavcodec</Filter>
    </ClCompile>
    <ClCompile Include="..\libavcodec\qpeg.c">
      <Filter>libavcodec</Filter>
    </ClCompile>
    <ClCompile Include="..\libavcodec\qtrle.c">
      <Filter>libavcodec</Filter>
    </ClCompile>
    <ClCompile Include="..\libavcodec\ra144.c">
      <Filter>libavcodec</Filter>
    </ClCompile>
    <ClCompile Include="..\libavcodec\ra144dec.c">
      <Filter>libavcodec</Filter>
    </ClCompile>
    <ClCompile Include="..\libavcodec\ra288.c">
      <Filter>libavcodec</Filter>
    </ClCompile>
    <ClCompile Include="..\libswscale\rgb2rgb.c">
      <Filter>libswscale</Filter>
    </ClCompile>
    <ClCompile Include="..\libswscale\rgb2rgb_template.c">
      <Filter>libswscale</Filter>
    </ClCompile>
    <ClCompile Include="..\libpostproc\postprocess_template.c">
      <Filter>libpostproc</Filter>
    </ClCompile>
    <ClCompile Include="..\libpostproc\postprocess.c">
      <Filter>libpostproc</Filter>
    </ClCompile>
    <ClCompile Include="..\libavutil\rational.c">
      <Filter>libavutil</Filter>
    </ClCompile>
    <ClCompile Include="..\libavutil\random_seed.c">
      <Filter>libavutil</Filter>
    </ClCompile>
    <ClCompile Include="..\libavcodec\ratecontrol.c">
      <Filter>libavcodec</Filter>
    </ClCompile>
    <ClCompile Include="..\libavcodec\rangecoder.c">
      <Filter>libavcodec</Filter>
    </ClCompile>
    <ClCompile Include="..\libavcodec\rdft.c">
      <Filter>libavcodec</Filter>
    </ClCompile>
    <ClCompile Include="..\libavcodec\rpza.c">
      <Filter>libavcodec</Filter>
    </ClCompile>
    <ClCompile Include="..\libavcodec\rtjpeg.c">
      <Filter>libavcodec</Filter>
    </ClCompile>
    <ClCompile Include="..\libavcodec\sbrdsp.c">
      <Filter>libavcodec</Filter>
    </ClCompile>
    <ClCompile Include="..\libavcodec\sinewin.c">
      <Filter>libavcodec</Filter>
    </ClCompile>
    <ClCompile Include="..\libavcodec\sp5xdec.c">
      <Filter>libavcodec</Filter>
    </ClCompile>
    <ClCompile Include="..\libavcodec\svq1.c">
      <Filter>libavcodec</Filter>
    </ClCompile>
    <ClCompile Include="..\libavcodec\svq1dec.c">
      <Filter>libavcodec</Filter>
    </ClCompile>
    <ClCompile Include="..\libavcodec\svq3.c">
      <Filter>libavcodec</Filter>
    </ClCompile>
    <ClCompile Include="..\libavcodec\vorbis.c">
      <Filter>libavcodec</Filter>
    </ClCompile>
    <ClCompile Include="..\libavcodec\vorbis_data.c">
      <Filter>libavcodec</Filter>
    </ClCompile>
    <ClCompile Include="..\libavcodec\vorbis_dec.c">
      <Filter>libavcodec</Filter>
    </ClCompile>
    <ClCompile Include="..\libavcodec\ulti.c">
      <Filter>libavcodec</Filter>
    </ClCompile>
    <ClCompile Include="..\libswscale\utils.c">
      <Filter>libswscale</Filter>
    </ClCompile>
    <ClCompile Include="..\libavcodec\utils.c">
      <Filter>libavcodec</Filter>
    </ClCompile>
    <ClCompile Include="..\libswscale\swscale.c">
      <Filter>libswscale</Filter>
    </ClCompile>
    <ClCompile Include="..\libswscale\yuv2rgb.c">
      <Filter>libswscale</Filter>
    </ClCompile>
    <ClCompile Include="..\libavcodec\simple_idct.c">
      <Filter>libavcodec</Filter>
    </ClCompile>
    <ClCompile Include="..\libavcodec\simple_idct_template.c">
      <Filter>libavcodec</Filter>
    </ClCompile>
    <ClCompile Include="..\libavcodec\xiph.c">
      <Filter>libavcodec</Filter>
    </ClCompile>
    <ClCompile Include="..\libavcodec\xl.c">
      <Filter>libavcodec</Filter>
    </ClCompile>
    <ClCompile Include="..\libavcodec\zmbv.c">
      <Filter>libavcodec</Filter>
    </ClCompile>
    <ClCompile Include="..\libswscale\sww32thread.c">
      <Filter>libswscale</Filter>
    </ClCompile>
    <ClCompile Include="..\libswscale\swscale_unscaled.c">
      <Filter>libswscale</Filter>
    </ClCompile>
    <ClCompile Include="..\libavcodec\tta.c">
      <Filter>libavcodec</Filter>
    </ClCompile>
    <ClCompile Include="..\libavcodec\tscc.c">
      <Filter>libavcodec</Filter>
    </ClCompile>
    <ClCompile Include="..\libavcodec\synth_filter.c">
      <Filter>libavcodec</Filter>
    </ClCompile>
    <ClCompile Include="..\icl\icl_hacks.c">
      <Filter>icl</Filter>
    </ClCompile>
    <ClCompile Include="..\libavutil\eval.c">
      <Filter>libavutil</Filter>
    </ClCompile>
    <ClCompile Include="..\libavutil\lzo.c">
      <Filter>libavutil</Filter>
    </ClCompile>
    <ClCompile Include="..\libavutil\samplefmt.c">
      <Filter>libavutil</Filter>
    </ClCompile>
    <ClCompile Include="..\..\zlib\adler32.c">
      <Filter>zlib</Filter>
    </ClCompile>
    <ClCompile Include="..\..\zlib\compress.c">
      <Filter>zlib</Filter>
    </ClCompile>
    <ClCompile Include="..\..\zlib\crc32.c">
      <Filter>zlib</Filter>
    </ClCompile>
    <ClCompile Include="..\..\zlib\deflate.c">
      <Filter>zlib</Filter>
    </ClCompile>
    <ClCompile Include="..\..\zlib\gzclose.c">
      <Filter>zlib</Filter>
    </ClCompile>
    <ClCompile Include="..\..\zlib\gzlib.c">
      <Filter>zlib</Filter>
    </ClCompile>
    <ClCompile Include="..\..\zlib\gzread.c">
      <Filter>zlib</Filter>
    </ClCompile>
    <ClCompile Include="..\..\zlib\gzwrite.c">
      <Filter>zlib</Filter>
    </ClCompile>
    <ClCompile Include="..\..\zlib\infback.c">
      <Filter>zlib</Filter>
    </ClCompile>
    <ClCompile Include="..\..\zlib\inffast.c">
      <Filter>zlib</Filter>
    </ClCompile>
    <ClCompile Include="..\..\zlib\inflate.c">
      <Filter>zlib</Filter>
    </ClCompile>
    <ClCompile Include="..\..\zlib\inftrees.c">
      <Filter>zlib</Filter>
    </ClCompile>
    <ClCompile Include="..\..\zlib\trees.c">
      <Filter>zlib</Filter>
    </ClCompile>
    <ClCompile Include="..\..\zlib\uncompr.c">
      <Filter>zlib</Filter>
    </ClCompile>
    <ClCompile Include="..\..\zlib\zutil.c">
      <Filter>zlib</Filter>
    </ClCompile>
    <ClCompile Include="..\libavcodec\x86\ac3dsp_mmx.c">
      <Filter>libavcodec\x86</Filter>
    </ClCompile>
    <ClCompile Include="..\libavcodec\x86\cavsdsp_mmx.c">
      <Filter>libavcodec\x86</Filter>
    </ClCompile>
    <ClCompile Include="..\libavcodec\x86\dsputilenc_mmx.c">
      <Filter>libavcodec\x86</Filter>
    </ClCompile>
    <ClCompile Include="..\libavcodec\x86\dsputil_mmx.c">
      <Filter>libavcodec\x86</Filter>
    </ClCompile>
    <ClCompile Include="..\libavcodec\x86\dsputil_mmx_avg_template.c">
      <Filter>libavcodec\x86</Filter>
    </ClCompile>
    <ClCompile Include="..\libavcodec\x86\dsputil_mmx_qns_template.c">
      <Filter>libavcodec\x86</Filter>
    </ClCompile>
    <ClCompile Include="..\libavcodec\x86\dsputil_mmx_rnd_template.c">
      <Filter>libavcodec\x86</Filter>
    </ClCompile>
    <ClCompile Include="..\libavcodec\x86\fdct_mmx.c">
      <Filter>libavcodec\x86</Filter>
    </ClCompile>
    <ClCompile Include="..\libavcodec\x86\fft.c">
      <Filter>libavcodec\x86</Filter>
    </ClCompile>
    <ClCompile Include="..\libavcodec\x86\fft_3dn.c">
      <Filter>libavcodec\x86</Filter>
    </ClCompile>
    <ClCompile Include="..\libavcodec\x86\fft_3dn2.c">
      <Filter>libavcodec\x86</Filter>
    </ClCompile>
    <ClCompile Include="..\libavcodec\x86\fft_sse.c">
      <Filter>libavcodec\x86</Filter>
    </ClCompile>
    <ClCompile Include="..\libavcodec\x86\fmtconvert_mmx.c">
      <Filter>libavcodec\x86</Filter>
    </ClCompile>
    <ClCompile Include="..\libavcodec\x86\h264dsp_mmx.c">
      <Filter>libavcodec\x86</Filter>
    </ClCompile>
    <ClCompile Include="..\libavcodec\x86\h264_intrapred_init.c">
      <Filter>libavcodec\x86</Filter>
    </ClCompile>
    <ClCompile Include="..\libavcodec\x86\h264_qpel_mmx.c">
      <Filter>libavcodec\x86</Filter>
    </ClCompile>
    <ClCompile Include="..\libavcodec\x86\idct_mmx.c">
      <Filter>libavcodec\x86</Filter>
    </ClCompile>
    <ClCompile Include="..\libavcodec\x86\idct_mmx_xvid.c">
      <Filter>libavcodec\x86</Filter>
    </ClCompile>
    <ClCompile Include="..\libavcodec\x86\idct_sse2_xvid.c">
      <Filter>libavcodec\x86</Filter>
    </ClCompile>
    <ClCompile Include="..\libavcodec\x86\mlpdsp.c">
      <Filter>libavcodec\x86</Filter>
    </ClCompile>
    <ClCompile Include="..\libavcodec\x86\motion_est_mmx.c">
      <Filter>libavcodec\x86</Filter>
    </ClCompile>
    <ClCompile Include="..\libavcodec\x86\mpegaudiodec_mmx.c">
      <Filter>libavcodec\x86</Filter>
    </ClCompile>
    <ClCompile Include="..\libavcodec\x86\mpegvideo_mmx.c">
      <Filter>libavcodec\x86</Filter>
    </ClCompile>
    <ClCompile Include="..\libavcodec\x86\mpegvideo_mmx_template.c">
      <Filter>libavcodec\x86</Filter>
    </ClCompile>
    <ClCompile Include="..\libavcodec\x86\pngdsp-init.c">
      <Filter>libavcodec\x86</Filter>
    </ClCompile>
    <ClCompile Include="..\libavcodec\x86\rv34dsp_init.c">
      <Filter>libavcodec\x86</Filter>
    </ClCompile>
    <ClCompile Include="..\libavcodec\x86\rv40dsp_init.c">
      <Filter>libavcodec\x86</Filter>
    </ClCompile>
    <ClCompile Include="..\libavcodec\x86\sbrdsp_init.c">
      <Filter>libavcodec\x86</Filter>
    </ClCompile>
    <ClCompile Include="..\libavcodec\x86\simple_idct_mmx.c">
      <Filter>libavcodec\x86</Filter>
    </ClCompile>
    <ClCompile Include="..\libavcodec\x86\vc1dsp_mmx.c">
      <Filter>libavcodec\x86</Filter>
    </ClCompile>
    <ClCompile Include="..\libavcodec\x86\vp56dsp_init.c">
      <Filter>libavcodec\x86</Filter>
    </ClCompile>
    <ClCompile Include="..\libavcodec\x86\vp8dsp-init.c">
      <Filter>libavcodec\x86</Filter>
    </ClCompile>
    <ClCompile Include="..\libavfilter\asrc_anullsrc.c">
      <Filter>libavfilter</Filter>
    </ClCompile>
    <ClCompile Include="..\libavfilter\avfilter.c">
      <Filter>libavfilter</Filter>
    </ClCompile>
    <ClCompile Include="..\libavfilter\avfiltergraph.c">
      <Filter>libavfilter</Filter>
    </ClCompile>
    <ClCompile Include="..\libavfilter\defaults.c">
      <Filter>libavfilter</Filter>
    </ClCompile>
    <ClCompile Include="..\libavfilter\formats.c">
      <Filter>libavfilter</Filter>
    </ClCompile>
    <ClCompile Include="..\libavfilter\vf_gradfun.c">
      <Filter>libavfilter</Filter>
    </ClCompile>
    <ClCompile Include="..\libavfilter\vf_yadif.c">
      <Filter>libavfilter</Filter>
    </ClCompile>
    <ClCompile Include="..\libavfilter\yadif_thread.c">
      <Filter>libavfilter</Filter>
    </ClCompile>
    <ClCompile Include="..\libavutil\x86\cpu.c">
      <Filter>libavutil\x86</Filter>
    </ClCompile>
    <ClCompile Include="..\libswscale\x86\rgb2rgb.c">
      <Filter>libswscale\x86</Filter>
    </ClCompile>
    <ClCompile Include="..\libswscale\x86\rgb2rgb_template.c">
      <Filter>libswscale\x86</Filter>
    </ClCompile>
    <ClCompile Include="..\libswscale\x86\swscale_mmx.c">
      <Filter>libswscale\x86</Filter>
    </ClCompile>
    <ClCompile Include="..\libswscale\x86\swscale_template.c">
      <Filter>libswscale\x86</Filter>
    </ClCompile>
    <ClCompile Include="..\libswscale\x86\yuv2rgb_mmx.c">
      <Filter>libswscale\x86</Filter>
    </ClCompile>
    <ClCompile Include="..\libswscale\x86\yuv2rgb_template.c">
      <Filter>libswscale\x86</Filter>
    </ClCompile>
    <ClCompile Include="..\libavfilter\x86\yadif.c">
      <Filter>libavfilter\x86</Filter>
    </ClCompile>
    <ClCompile Include="..\libavfilter\x86\gradfun.c">
      <Filter>libavfilter\x86</Filter>
    </ClCompile>
    <ClCompile Include="..\libavfilter\x86\yadif_template.c">
      <Filter>libavfilter\x86</Filter>
    </ClCompile>
  </ItemGroup>
  <ItemGroup>
    <None Include="..\ffmpeg.def">
      <Filter>Source Files</Filter>
    </None>
  </ItemGroup>
  <ItemGroup>
    <ClInclude Include="..\config.h">
      <Filter>Header Files</Filter>
    </ClInclude>
    <ClInclude Include="..\libavcodec\aac.h">
      <Filter>Header Files</Filter>
    </ClInclude>
    <ClInclude Include="..\libavcodec\aacadtsdec.h">
      <Filter>Header Files</Filter>
    </ClInclude>
    <ClInclude Include="..\libavcodec\aacdectab.h">
      <Filter>Header Files</Filter>
    </ClInclude>
    <ClInclude Include="..\libavcodec\aacps.h">
      <Filter>Header Files</Filter>
    </ClInclude>
    <ClInclude Include="..\libavcodec\aacps_tablegen.h">
      <Filter>Header Files</Filter>
    </ClInclude>
    <ClInclude Include="..\libavcodec\aacsbr.h">
      <Filter>Header Files</Filter>
    </ClInclude>
    <ClInclude Include="..\libavcodec\aacsbrdata.h">
      <Filter>Header Files</Filter>
    </ClInclude>
    <ClInclude Include="..\libavcodec\aactab.h">
      <Filter>Header Files</Filter>
    </ClInclude>
    <ClInclude Include="..\libavcodec\aac_ac3_parser.h">
      <Filter>Header Files</Filter>
    </ClInclude>
    <ClInclude Include="..\libavcodec\aac_parser.h">
      <Filter>Header Files</Filter>
    </ClInclude>
    <ClInclude Include="..\libavcodec\aac_tablegen.h">
      <Filter>Header Files</Filter>
    </ClInclude>
    <ClInclude Include="..\libavcodec\aac_tablegen_decl.h">
      <Filter>Header Files</Filter>
    </ClInclude>
    <ClInclude Include="..\libavcodec\aandcttab.h">
      <Filter>Header Files</Filter>
    </ClInclude>
    <ClInclude Include="..\libavcodec\ac3.h">
      <Filter>Header Files</Filter>
    </ClInclude>
    <ClInclude Include="..\libavcodec\ac3dec.h">
      <Filter>Header Files</Filter>
    </ClInclude>
    <ClInclude Include="..\libavcodec\ac3dec_data.h">
      <Filter>Header Files</Filter>
    </ClInclude>
    <ClInclude Include="..\libavcodec\ac3dsp.h">
      <Filter>Header Files</Filter>
    </ClInclude>
    <ClInclude Include="..\libavcodec\ac3enc.h">
      <Filter>Header Files</Filter>
    </ClInclude>
    <ClInclude Include="..\libavcodec\ac3enc_fixed.h">
      <Filter>Header Files</Filter>
    </ClInclude>
    <ClInclude Include="..\libavcodec\ac3enc_float.h">
      <Filter>Header Files</Filter>
    </ClInclude>
    <ClInclude Include="..\libavcodec\ac3tab.h">
      <Filter>Header Files</Filter>
    </ClInclude>
    <ClInclude Include="..\libavcodec\ac3_parser.h">
      <Filter>Header Files</Filter>
    </ClInclude>
    <ClInclude Include="..\libavcodec\acelp_filters.h">
      <Filter>Header Files</Filter>
    </ClInclude>
    <ClInclude Include="..\libavcodec\acelp_pitch_delay.h">
      <Filter>Header Files</Filter>
    </ClInclude>
    <ClInclude Include="..\libavcodec\acelp_vectors.h">
      <Filter>Header Files</Filter>
    </ClInclude>
    <ClInclude Include="..\libavcodec\adpcm.h">
      <Filter>Header Files</Filter>
    </ClInclude>
    <ClInclude Include="..\libavcodec\adpcm_data.h">
      <Filter>Header Files</Filter>
    </ClInclude>
    <ClInclude Include="..\libavcodec\amr.h">
      <Filter>Header Files</Filter>
    </ClInclude>
    <ClInclude Include="..\libavcodec\amrnbdata.h">
      <Filter>Header Files</Filter>
    </ClInclude>
    <ClInclude Include="..\libavcodec\amrwbdata.h">
      <Filter>Header Files</Filter>
    </ClInclude>
    <ClInclude Include="..\libavcodec\atrac.h">
      <Filter>Header Files</Filter>
    </ClInclude>
    <ClInclude Include="..\libavcodec\atrac3data.h">
      <Filter>Header Files</Filter>
    </ClInclude>
    <ClInclude Include="..\libavcodec\audioconvert.h">
      <Filter>Header Files</Filter>
    </ClInclude>
    <ClInclude Include="..\libavcodec\avcodec.h">
      <Filter>Header Files</Filter>
    </ClInclude>
    <ClInclude Include="..\libavcodec\avfft.h">
      <Filter>Header Files</Filter>
    </ClInclude>
    <ClInclude Include="..\libavcodec\bytestream.h">
      <Filter>Header Files</Filter>
    </ClInclude>
    <ClInclude Include="..\libavcodec\cabac.h">
      <Filter>Header Files</Filter>
    </ClInclude>
    <ClInclude Include="..\libavcodec\cabac_functions.h">
      <Filter>Header Files</Filter>
    </ClInclude>
    <ClInclude Include="..\libavcodec\cavs.h">
      <Filter>Header Files</Filter>
    </ClInclude>
    <ClInclude Include="..\libavcodec\cavsdata.h">
      <Filter>Header Files</Filter>
    </ClInclude>
    <ClInclude Include="..\libavcodec\cavsdsp.h">
      <Filter>Header Files</Filter>
    </ClInclude>
    <ClInclude Include="..\libavcodec\cbrt_tablegen.h">
      <Filter>Header Files</Filter>
    </ClInclude>
    <ClInclude Include="..\libavcodec\celp_filters.h">
      <Filter>Header Files</Filter>
    </ClInclude>
    <ClInclude Include="..\libavcodec\celp_math.h">
      <Filter>Header Files</Filter>
    </ClInclude>
    <ClInclude Include="..\libavcodec\cookdata.h">
      <Filter>Header Files</Filter>
    </ClInclude>
    <ClInclude Include="..\libavcodec\dca.h">
      <Filter>Header Files</Filter>
    </ClInclude>
    <ClInclude Include="..\libavcodec\dcadata.h">
      <Filter>Header Files</Filter>
    </ClInclude>
    <ClInclude Include="..\libavcodec\dcadsp.h">
      <Filter>Header Files</Filter>
    </ClInclude>
    <ClInclude Include="..\libavcodec\dcahuff.h">
      <Filter>Header Files</Filter>
    </ClInclude>
    <ClInclude Include="..\libavcodec\dca_parser.h">
      <Filter>Header Files</Filter>
    </ClInclude>
    <ClInclude Include="..\libavcodec\dct.h">
      <Filter>Header Files</Filter>
    </ClInclude>
    <ClInclude Include="..\libavcodec\dct32.h">
      <Filter>Header Files</Filter>
    </ClInclude>
    <ClInclude Include="..\libavcodec\dctref.h">
      <Filter>Header Files</Filter>
    </ClInclude>
    <ClInclude Include="..\libavcodec\dsputil.h">
      <Filter>Header Files</Filter>
    </ClInclude>
    <ClInclude Include="..\libavcodec\dvdata.h">
      <Filter>Header Files</Filter>
    </ClInclude>
    <ClInclude Include="..\libavcodec\dvquant.h">
      <Filter>Header Files</Filter>
    </ClInclude>
    <ClInclude Include="..\libavcodec\dv_tablegen.h">
      <Filter>Header Files</Filter>
    </ClInclude>
    <ClInclude Include="..\libavcodec\dv_vlc_data.h">
      <Filter>Header Files</Filter>
    </ClInclude>
    <ClInclude Include="..\libavcodec\dwt.h">
      <Filter>Header Files</Filter>
    </ClInclude>
    <ClInclude Include="..\libavcodec\dxva.h">
      <Filter>Header Files</Filter>
    </ClInclude>
    <ClInclude Include="..\libavcodec\eac3enc.h">
      <Filter>Header Files</Filter>
    </ClInclude>
    <ClInclude Include="..\libavcodec\eac3_data.h">
      <Filter>Header Files</Filter>
    </ClInclude>
    <ClInclude Include="..\libavcodec\faandct.h">
      <Filter>Header Files</Filter>
    </ClInclude>
    <ClInclude Include="..\libavcodec\faanidct.h">
      <Filter>Header Files</Filter>
    </ClInclude>
    <ClInclude Include="..\libavcodec\ffmpegContext.h">
      <Filter>Header Files</Filter>
    </ClInclude>
    <ClInclude Include="..\libavcodec\fft-internal.h">
      <Filter>Header Files</Filter>
    </ClInclude>
    <ClInclude Include="..\libavcodec\fft.h">
      <Filter>Header Files</Filter>
    </ClInclude>
    <ClInclude Include="..\libavcodec\flac.h">
      <Filter>Header Files</Filter>
    </ClInclude>
    <ClInclude Include="..\libavcodec\flacdata.h">
      <Filter>Header Files</Filter>
    </ClInclude>
    <ClInclude Include="..\libavcodec\flv.h">
      <Filter>Header Files</Filter>
    </ClInclude>
    <ClInclude Include="..\libavcodec\fmtconvert.h">
      <Filter>Header Files</Filter>
    </ClInclude>
    <ClInclude Include="..\libavcodec\get_bits.h">
      <Filter>Header Files</Filter>
    </ClInclude>
    <ClInclude Include="..\libavcodec\golomb.h">
      <Filter>Header Files</Filter>
    </ClInclude>
    <ClInclude Include="..\libavcodec\gsm.h">
      <Filter>Header Files</Filter>
    </ClInclude>
    <ClInclude Include="..\libavcodec\gsmdec_data.h">
      <Filter>Header Files</Filter>
    </ClInclude>
    <ClInclude Include="..\libavcodec\h261.h">
      <Filter>Header Files</Filter>
    </ClInclude>
    <ClInclude Include="..\libavcodec\h261data.h">
      <Filter>Header Files</Filter>
    </ClInclude>
    <ClInclude Include="..\libavcodec\h263.h">
      <Filter>Header Files</Filter>
    </ClInclude>
    <ClInclude Include="..\libavcodec\h263data.h">
      <Filter>Header Files</Filter>
    </ClInclude>
    <ClInclude Include="..\libavcodec\h263_parser.h">
      <Filter>Header Files</Filter>
    </ClInclude>
    <ClInclude Include="..\libavcodec\h264.h">
      <Filter>Header Files</Filter>
    </ClInclude>
    <ClInclude Include="..\libavcodec\h264data.h">
      <Filter>Header Files</Filter>
    </ClInclude>
    <ClInclude Include="..\libavcodec\h264dsp.h">
      <Filter>Header Files</Filter>
    </ClInclude>
    <ClInclude Include="..\libavcodec\h264pred.h">
      <Filter>Header Files</Filter>
    </ClInclude>
    <ClInclude Include="..\libavcodec\h264_mvpred.h">
      <Filter>Header Files</Filter>
    </ClInclude>
    <ClInclude Include="..\libavcodec\huffman.h">
      <Filter>Header Files</Filter>
    </ClInclude>
    <ClInclude Include="..\libavcodec\imcdata.h">
      <Filter>Header Files</Filter>
    </ClInclude>
    <ClInclude Include="..\libavcodec\imgconvert.h">
      <Filter>Header Files</Filter>
    </ClInclude>
    <ClInclude Include="..\libavcodec\indeo2data.h">
      <Filter>Header Files</Filter>
    </ClInclude>
    <ClInclude Include="..\libavcodec\indeo3data.h">
      <Filter>Header Files</Filter>
    </ClInclude>
    <ClInclude Include="..\libavcodec\indeo4data.h">
      <Filter>Header Files</Filter>
    </ClInclude>
    <ClInclude Include="..\libavcodec\indeo5data.h">
      <Filter>Header Files</Filter>
    </ClInclude>
    <ClInclude Include="..\libavcodec\internal.h">
      <Filter>Header Files</Filter>
    </ClInclude>
    <ClInclude Include="..\libavcodec\intrax8.h">
      <Filter>Header Files</Filter>
    </ClInclude>
    <ClInclude Include="..\libavcodec\intrax8huf.h">
      <Filter>Header Files</Filter>
    </ClInclude>
    <ClInclude Include="..\libavcodec\ivi_common.h">
      <Filter>Header Files</Filter>
    </ClInclude>
    <ClInclude Include="..\libavcodec\ivi_dsp.h">
      <Filter>Header Files</Filter>
    </ClInclude>
    <ClInclude Include="..\libavcodec\jpegls.h">
      <Filter>Header Files</Filter>
    </ClInclude>
    <ClInclude Include="..\libavcodec\jpeglsdec.h">
      <Filter>Header Files</Filter>
    </ClInclude>
    <ClInclude Include="..\libavcodec\kbdwin.h">
      <Filter>Header Files</Filter>
    </ClInclude>
    <ClInclude Include="..\libavcodec\lcl.h">
      <Filter>Header Files</Filter>
    </ClInclude>
    <ClInclude Include="..\libavcodec\lpc.h">
      <Filter>Header Files</Filter>
    </ClInclude>
    <ClInclude Include="..\libavcodec\lsp.h">
      <Filter>Header Files</Filter>
    </ClInclude>
    <ClInclude Include="..\libavcodec\mathops.h">
      <Filter>Header Files</Filter>
    </ClInclude>
    <ClInclude Include="..\libavcodec\mjpeg.h">
      <Filter>Header Files</Filter>
    </ClInclude>
    <ClInclude Include="..\libavcodec\mjpegdec.h">
      <Filter>Header Files</Filter>
    </ClInclude>
    <ClInclude Include="..\libavcodec\mjpegenc.h">
      <Filter>Header Files</Filter>
    </ClInclude>
    <ClInclude Include="..\libavcodec\mlp.h">
      <Filter>Header Files</Filter>
    </ClInclude>
    <ClInclude Include="..\libavcodec\mlp_parser.h">
      <Filter>Header Files</Filter>
    </ClInclude>
    <ClInclude Include="..\libavcodec\mpeg12.h">
      <Filter>Header Files</Filter>
    </ClInclude>
    <ClInclude Include="..\libavcodec\mpeg12data.h">
      <Filter>Header Files</Filter>
    </ClInclude>
    <ClInclude Include="..\libavcodec\mpeg12decdata.h">
      <Filter>Header Files</Filter>
    </ClInclude>
    <ClInclude Include="..\libavcodec\mpeg4audio.h">
      <Filter>Header Files</Filter>
    </ClInclude>
    <ClInclude Include="..\libavcodec\mpeg4data.h">
      <Filter>Header Files</Filter>
    </ClInclude>
    <ClInclude Include="..\libavcodec\mpeg4video.h">
      <Filter>Header Files</Filter>
    </ClInclude>
    <ClInclude Include="..\libavcodec\mpeg4video_parser.h">
      <Filter>Header Files</Filter>
    </ClInclude>
    <ClInclude Include="..\libavcodec\mpegaudio.h">
      <Filter>Header Files</Filter>
    </ClInclude>
    <ClInclude Include="..\libavcodec\mpegaudio3.h">
      <Filter>Header Files</Filter>
    </ClInclude>
    <ClInclude Include="..\libavcodec\mpegaudiodata.h">
      <Filter>Header Files</Filter>
    </ClInclude>
    <ClInclude Include="..\libavcodec\mpegaudiodecheader.h">
      <Filter>Header Files</Filter>
    </ClInclude>
    <ClInclude Include="..\libavcodec\mpegaudiodectab.h">
      <Filter>Header Files</Filter>
    </ClInclude>
    <ClInclude Include="..\libavcodec\mpegaudiodsp.h">
      <Filter>Header Files</Filter>
    </ClInclude>
    <ClInclude Include="..\libavcodec\mpegaudio_tablegen.h">
      <Filter>Header Files</Filter>
    </ClInclude>
    <ClInclude Include="..\libavcodec\mpegvideo.h">
      <Filter>Header Files</Filter>
    </ClInclude>
    <ClInclude Include="..\libavcodec\mpegvideo_common.h">
      <Filter>Header Files</Filter>
    </ClInclude>
    <ClInclude Include="..\libavcodec\msgsmdec.h">
      <Filter>Header Files</Filter>
    </ClInclude>
    <ClInclude Include="..\libavcodec\msmpeg4.h">
      <Filter>Header Files</Filter>
    </ClInclude>
    <ClInclude Include="..\libavcodec\msmpeg4data.h">
      <Filter>Header Files</Filter>
    </ClInclude>
    <ClInclude Include="..\libavcodec\msrledec.h">
      <Filter>Header Files</Filter>
    </ClInclude>
    <ClInclude Include="..\libavcodec\nellymoser.h">
      <Filter>Header Files</Filter>
    </ClInclude>
    <ClInclude Include="..\libavcodec\parser.h">
      <Filter>Header Files</Filter>
    </ClInclude>
    <ClInclude Include="..\libavcodec\pcm_tablegen.h">
      <Filter>Header Files</Filter>
    </ClInclude>
    <ClInclude Include="..\libavcodec\png.h">
      <Filter>Header Files</Filter>
    </ClInclude>
    <ClInclude Include="..\libavcodec\pngdsp.h">
      <Filter>Header Files</Filter>
    </ClInclude>
    <ClInclude Include="..\libavcodec\put_bits.h">
      <Filter>Header Files</Filter>
    </ClInclude>
    <ClInclude Include="..\libavcodec\qdm2data.h">
      <Filter>Header Files</Filter>
    </ClInclude>
    <ClInclude Include="..\libavcodec\qdm2_tablegen.h">
      <Filter>Header Files</Filter>
    </ClInclude>
    <ClInclude Include="..\libavcodec\ra144.h">
      <Filter>Header Files</Filter>
    </ClInclude>
    <ClInclude Include="..\libavcodec\ra288.h">
      <Filter>Header Files</Filter>
    </ClInclude>
    <ClInclude Include="..\libavcodec\rangecoder.h">
      <Filter>Header Files</Filter>
    </ClInclude>
    <ClInclude Include="..\libavcodec\ratecontrol.h">
      <Filter>Header Files</Filter>
    </ClInclude>
    <ClInclude Include="..\libavcodec\rdft.h">
      <Filter>Header Files</Filter>
    </ClInclude>
    <ClInclude Include="..\libavcodec\rectangle.h">
      <Filter>Header Files</Filter>
    </ClInclude>
    <ClInclude Include="..\libavcodec\rl.h">
      <Filter>Header Files</Filter>
    </ClInclude>
    <ClInclude Include="..\libavcodec\rtjpeg.h">
      <Filter>Header Files</Filter>
    </ClInclude>
    <ClInclude Include="..\libavcodec\rv30data.h">
      <Filter>Header Files</Filter>
    </ClInclude>
    <ClInclude Include="..\libavcodec\rv34.h">
      <Filter>Header Files</Filter>
    </ClInclude>
    <ClInclude Include="..\libavcodec\rv34data.h">
      <Filter>Header Files</Filter>
    </ClInclude>
    <ClInclude Include="..\libavcodec\rv34dsp.h">
      <Filter>Header Files</Filter>
    </ClInclude>
    <ClInclude Include="..\libavcodec\rv34vlc.h">
      <Filter>Header Files</Filter>
    </ClInclude>
    <ClInclude Include="..\libavcodec\rv40data.h">
      <Filter>Header Files</Filter>
    </ClInclude>
    <ClInclude Include="..\libavcodec\rv40vlc2.h">
      <Filter>Header Files</Filter>
    </ClInclude>
    <ClInclude Include="..\libavcodec\sbr.h">
      <Filter>Header Files</Filter>
    </ClInclude>
    <ClInclude Include="..\libavcodec\sbrdsp.h">
      <Filter>Header Files</Filter>
    </ClInclude>
    <ClInclude Include="..\libavcodec\simple_idct.h">
      <Filter>Header Files</Filter>
    </ClInclude>
    <ClInclude Include="..\libavcodec\sinewin.h">
      <Filter>Header Files</Filter>
    </ClInclude>
    <ClInclude Include="..\libavcodec\sinewin_tablegen.h">
      <Filter>Header Files</Filter>
    </ClInclude>
    <ClInclude Include="..\libavcodec\sp5x.h">
      <Filter>Header Files</Filter>
    </ClInclude>
    <ClInclude Include="..\libavcodec\svq1.h">
      <Filter>Header Files</Filter>
    </ClInclude>
    <ClInclude Include="..\libavcodec\svq1_cb.h">
      <Filter>Header Files</Filter>
    </ClInclude>
    <ClInclude Include="..\libavcodec\svq1_vlc.h">
      <Filter>Header Files</Filter>
    </ClInclude>
    <ClInclude Include="..\libavcodec\swscale.h">
      <Filter>Header Files</Filter>
    </ClInclude>
    <ClInclude Include="..\libavcodec\synth_filter.h">
      <Filter>Header Files</Filter>
    </ClInclude>
    <ClInclude Include="..\libavcodec\thread.h">
      <Filter>Header Files</Filter>
    </ClInclude>
    <ClInclude Include="..\libavcodec\truemotion1data.h">
      <Filter>Header Files</Filter>
    </ClInclude>
    <ClInclude Include="..\libavcodec\truespeech_data.h">
      <Filter>Header Files</Filter>
    </ClInclude>
    <ClInclude Include="..\libavcodec\ulti_cb.h">
      <Filter>Header Files</Filter>
    </ClInclude>
    <ClInclude Include="..\libavcodec\unary.h">
      <Filter>Header Files</Filter>
    </ClInclude>
    <ClInclude Include="..\libavcodec\vc1.h">
      <Filter>Header Files</Filter>
    </ClInclude>
    <ClInclude Include="..\libavcodec\vc1acdata.h">
      <Filter>Header Files</Filter>
    </ClInclude>
    <ClInclude Include="..\libavcodec\vc1data.h">
      <Filter>Header Files</Filter>
    </ClInclude>
    <ClInclude Include="..\libavcodec\vc1dsp.h">
      <Filter>Header Files</Filter>
    </ClInclude>
    <ClInclude Include="..\libavcodec\vdpau_internal.h">
      <Filter>Header Files</Filter>
    </ClInclude>
    <ClInclude Include="..\libavcodec\version.h">
      <Filter>Header Files</Filter>
    </ClInclude>
    <ClInclude Include="..\libavcodec\vorbis.h">
      <Filter>Header Files</Filter>
    </ClInclude>
    <ClInclude Include="..\libavcodec\vp3data.h">
      <Filter>Header Files</Filter>
    </ClInclude>
    <ClInclude Include="..\libavcodec\vp56.h">
      <Filter>Header Files</Filter>
    </ClInclude>
    <ClInclude Include="..\libavcodec\vp56data.h">
      <Filter>Header Files</Filter>
    </ClInclude>
    <ClInclude Include="..\libavcodec\vp56dsp.h">
      <Filter>Header Files</Filter>
    </ClInclude>
    <ClInclude Include="..\libavcodec\vp5data.h">
      <Filter>Header Files</Filter>
    </ClInclude>
    <ClInclude Include="..\libavcodec\vp6data.h">
      <Filter>Header Files</Filter>
    </ClInclude>
    <ClInclude Include="..\libavcodec\vp8.h">
      <Filter>Header Files</Filter>
    </ClInclude>
    <ClInclude Include="..\libavcodec\vp8data.h">
      <Filter>Header Files</Filter>
    </ClInclude>
    <ClInclude Include="..\libavcodec\vp8dsp.h">
      <Filter>Header Files</Filter>
    </ClInclude>
    <ClInclude Include="..\libavcodec\w32pthreads.h">
      <Filter>Header Files</Filter>
    </ClInclude>
    <ClInclude Include="..\libavcodec\wma.h">
      <Filter>Header Files</Filter>
    </ClInclude>
    <ClInclude Include="..\libavcodec\wmadata.h">
      <Filter>Header Files</Filter>
    </ClInclude>
    <ClInclude Include="..\libavcodec\wma_common.h">
      <Filter>Header Files</Filter>
    </ClInclude>
    <ClInclude Include="..\libavcodec\wmv2.h">
      <Filter>Header Files</Filter>
    </ClInclude>
    <ClInclude Include="..\libavcodec\xiph.h">
      <Filter>Header Files</Filter>
    </ClInclude>
    <ClInclude Include="..\libavcodec\xvmc_internal.h">
      <Filter>Header Files</Filter>
    </ClInclude>
    <ClInclude Include="..\libavcodec\x86\cabac.h">
      <Filter>Header Files\x86</Filter>
    </ClInclude>
    <ClInclude Include="..\libavcodec\x86\dsputil_mmx.h">
      <Filter>Header Files\x86</Filter>
    </ClInclude>
    <ClInclude Include="..\libavcodec\x86\fft.h">
      <Filter>Header Files\x86</Filter>
    </ClInclude>
    <ClInclude Include="..\libavcodec\x86\h264_i386.h">
      <Filter>Header Files\x86</Filter>
    </ClInclude>
    <ClInclude Include="..\libavcodec\x86\idct_xvid.h">
      <Filter>Header Files\x86</Filter>
    </ClInclude>
    <ClInclude Include="..\libavcodec\x86\mathops.h">
      <Filter>Header Files\x86</Filter>
    </ClInclude>
    <ClInclude Include="..\libavcodec\x86\vp56_arith.h">
      <Filter>Header Files\x86</Filter>
    </ClInclude>
    <ClInclude Include="..\libavutil\attributes.h">
      <Filter>Header Files</Filter>
    </ClInclude>
    <ClInclude Include="..\libavutil\audioconvert.h">
      <Filter>Header Files</Filter>
    </ClInclude>
    <ClInclude Include="..\libavutil\avassert.h">
      <Filter>Header Files</Filter>
    </ClInclude>
    <ClInclude Include="..\libavutil\avconfig.h">
      <Filter>Header Files</Filter>
    </ClInclude>
    <ClInclude Include="..\libavutil\avstring.h">
      <Filter>Header Files</Filter>
    </ClInclude>
    <ClInclude Include="..\libavutil\avutil.h">
      <Filter>Header Files</Filter>
    </ClInclude>
    <ClInclude Include="..\libavutil\bswap.h">
      <Filter>Header Files</Filter>
    </ClInclude>
    <ClInclude Include="..\libavutil\common.h">
      <Filter>Header Files</Filter>
    </ClInclude>
    <ClInclude Include="..\libavutil\cpu.h">
      <Filter>Header Files</Filter>
    </ClInclude>
    <ClInclude Include="..\libavutil\crc.h">
      <Filter>Header Files</Filter>
    </ClInclude>
    <ClInclude Include="..\libavutil\crc_data.h">
      <Filter>Header Files</Filter>
    </ClInclude>
    <ClInclude Include="..\libavutil\dict.h">
      <Filter>Header Files</Filter>
    </ClInclude>
    <ClInclude Include="..\libavutil\error.h">
      <Filter>Header Files</Filter>
    </ClInclude>
    <ClInclude Include="..\libavutil\eval.h">
      <Filter>Header Files</Filter>
    </ClInclude>
    <ClInclude Include="..\libavutil\imgutils.h">
      <Filter>Header Files</Filter>
    </ClInclude>
    <ClInclude Include="..\libavutil\internal.h">
      <Filter>Header Files</Filter>
    </ClInclude>
    <ClInclude Include="..\libavutil\intfloat.h">
      <Filter>Header Files</Filter>
    </ClInclude>
    <ClInclude Include="..\libavutil\intfloat_readwrite.h">
      <Filter>Header Files</Filter>
    </ClInclude>
    <ClInclude Include="..\libavutil\intmath.h">
      <Filter>Header Files</Filter>
    </ClInclude>
    <ClInclude Include="..\libavutil\intreadwrite.h">
      <Filter>Header Files</Filter>
    </ClInclude>
    <ClInclude Include="..\libavutil\lfg.h">
      <Filter>Header Files</Filter>
    </ClInclude>
    <ClInclude Include="..\libavutil\libm.h">
      <Filter>Header Files</Filter>
    </ClInclude>
    <ClInclude Include="..\libavutil\lls.h">
      <Filter>Header Files</Filter>
    </ClInclude>
    <ClInclude Include="..\libavutil\log.h">
      <Filter>Header Files</Filter>
    </ClInclude>
    <ClInclude Include="..\libavutil\lzo.h">
      <Filter>Header Files</Filter>
    </ClInclude>
    <ClInclude Include="..\libavutil\mathematics.h">
      <Filter>Header Files</Filter>
    </ClInclude>
    <ClInclude Include="..\libavutil\md5.h">
      <Filter>Header Files</Filter>
    </ClInclude>
    <ClInclude Include="..\libavutil\mem.h">
      <Filter>Header Files</Filter>
    </ClInclude>
    <ClInclude Include="..\libavutil\opt.h">
      <Filter>Header Files</Filter>
    </ClInclude>
    <ClInclude Include="..\libavutil\pixdesc.h">
      <Filter>Header Files</Filter>
    </ClInclude>
    <ClInclude Include="..\libavutil\pixfmt.h">
      <Filter>Header Files</Filter>
    </ClInclude>
    <ClInclude Include="..\libavutil\random_seed.h">
      <Filter>Header Files</Filter>
    </ClInclude>
    <ClInclude Include="..\libavutil\rational.h">
      <Filter>Header Files</Filter>
    </ClInclude>
    <ClInclude Include="..\libavutil\samplefmt.h">
      <Filter>Header Files</Filter>
    </ClInclude>
    <ClInclude Include="..\libavutil\timer.h">
      <Filter>Header Files</Filter>
    </ClInclude>
    <ClInclude Include="..\libavutil\x86_cpu.h">
      <Filter>Header Files\x86</Filter>
    </ClInclude>
    <ClInclude Include="..\libavutil\x86\bswap.h">
      <Filter>Header Files\x86</Filter>
    </ClInclude>
    <ClInclude Include="..\libavutil\x86\intmath.h">
      <Filter>Header Files\x86</Filter>
    </ClInclude>
    <ClInclude Include="..\libavutil\x86\intreadwrite.h">
      <Filter>Header Files\x86</Filter>
    </ClInclude>
    <ClInclude Include="..\libavutil\x86\timer.h">
      <Filter>Header Files\x86</Filter>
    </ClInclude>
    <ClInclude Include="..\libpostproc\postprocess.h">
      <Filter>Header Files</Filter>
    </ClInclude>
    <ClInclude Include="..\libpostproc\postprocess_internal.h">
      <Filter>Header Files</Filter>
    </ClInclude>
    <ClInclude Include="..\libswscale\rgb2rgb.h">
      <Filter>Header Files</Filter>
    </ClInclude>
    <ClInclude Include="..\libswscale\swscale.h">
      <Filter>Header Files</Filter>
    </ClInclude>
    <ClInclude Include="..\libswscale\swscale_internal.h">
      <Filter>Header Files</Filter>
    </ClInclude>
    <ClInclude Include="..\..\zlib\crc32.h">
      <Filter>zlib\Header Files</Filter>
    </ClInclude>
    <ClInclude Include="..\..\zlib\deflate.h">
      <Filter>zlib\Header Files</Filter>
    </ClInclude>
    <ClInclude Include="..\..\zlib\gzguts.h">
      <Filter>zlib\Header Files</Filter>
    </ClInclude>
    <ClInclude Include="..\..\zlib\inffast.h">
      <Filter>zlib\Header Files</Filter>
    </ClInclude>
    <ClInclude Include="..\..\zlib\inffixed.h">
      <Filter>zlib\Header Files</Filter>
    </ClInclude>
    <ClInclude Include="..\..\zlib\inflate.h">
      <Filter>zlib\Header Files</Filter>
    </ClInclude>
    <ClInclude Include="..\..\zlib\inftrees.h">
      <Filter>zlib\Header Files</Filter>
    </ClInclude>
    <ClInclude Include="..\..\zlib\trees.h">
      <Filter>zlib\Header Files</Filter>
    </ClInclude>
    <ClInclude Include="..\..\zlib\zconf.h">
      <Filter>zlib\Header Files</Filter>
    </ClInclude>
    <ClInclude Include="..\..\zlib\zlib.h">
      <Filter>zlib\Header Files</Filter>
    </ClInclude>
    <ClInclude Include="..\..\zlib\zutil.h">
      <Filter>zlib\Header Files</Filter>
    </ClInclude>
    <ClInclude Include="..\libavfilter\avfilter.h">
      <Filter>Header Files</Filter>
    </ClInclude>
    <ClInclude Include="..\libavfilter\avfiltergraph.h">
      <Filter>Header Files</Filter>
    </ClInclude>
    <ClInclude Include="..\libavfilter\gradfun.h">
      <Filter>Header Files</Filter>
    </ClInclude>
    <ClInclude Include="..\libavfilter\internal.h">
      <Filter>Header Files</Filter>
    </ClInclude>
    <ClInclude Include="..\libavfilter\vf_yadif.h">
      <Filter>Header Files</Filter>
    </ClInclude>
    <ClInclude Include="..\libavfilter\yadif.h">
      <Filter>Header Files</Filter>
    </ClInclude>
  </ItemGroup>
  <ItemGroup>
    <yasm Include="..\config.asm">
      <Filter>Source Files</Filter>
    </yasm>
    <yasm Include="..\libavcodec\x86\ac3dsp.asm">
      <Filter>libavcodec\x86</Filter>
    </yasm>
    <yasm Include="..\libavcodec\x86\dct32_sse.asm">
      <Filter>libavcodec\x86</Filter>
    </yasm>
    <yasm Include="..\libavcodec\x86\dsputilenc_yasm.asm">
      <Filter>libavcodec\x86</Filter>
    </yasm>
    <yasm Include="..\libavcodec\x86\dsputil_yasm.asm">
      <Filter>libavcodec\x86</Filter>
    </yasm>
    <yasm Include="..\libavcodec\x86\fft_mmx.asm">
      <Filter>libavcodec\x86</Filter>
    </yasm>
    <yasm Include="..\libavcodec\x86\fmtconvert.asm">
      <Filter>libavcodec\x86</Filter>
    </yasm>
    <yasm Include="..\libavcodec\x86\h264_chromamc.asm">
      <Filter>libavcodec\x86</Filter>
    </yasm>
    <yasm Include="..\libavcodec\x86\h264_chromamc_10bit.asm">
      <Filter>libavcodec\x86</Filter>
    </yasm>
    <yasm Include="..\libavcodec\x86\h264_deblock.asm">
      <Filter>libavcodec\x86</Filter>
    </yasm>
    <yasm Include="..\libavcodec\x86\h264_deblock_10bit.asm">
      <Filter>libavcodec\x86</Filter>
    </yasm>
    <yasm Include="..\libavcodec\x86\h264_idct.asm">
      <Filter>libavcodec\x86</Filter>
    </yasm>
    <yasm Include="..\libavcodec\x86\h264_idct_10bit.asm">
      <Filter>libavcodec\x86</Filter>
    </yasm>
    <yasm Include="..\libavcodec\x86\h264_intrapred.asm">
      <Filter>libavcodec\x86</Filter>
    </yasm>
    <yasm Include="..\libavcodec\x86\h264_intrapred_10bit.asm">
      <Filter>libavcodec\x86</Filter>
    </yasm>
    <yasm Include="..\libavcodec\x86\h264_qpel_10bit.asm">
      <Filter>libavcodec\x86</Filter>
    </yasm>
    <yasm Include="..\libavcodec\x86\h264_weight.asm">
      <Filter>libavcodec\x86</Filter>
    </yasm>
    <yasm Include="..\libavcodec\x86\h264_weight_10bit.asm">
      <Filter>libavcodec\x86</Filter>
    </yasm>
    <yasm Include="..\libavcodec\x86\imdct36_sse.asm">
      <Filter>libavcodec\x86</Filter>
    </yasm>
    <yasm Include="..\libavcodec\x86\pngdsp.asm">
      <Filter>libavcodec\x86</Filter>
    </yasm>
    <yasm Include="..\libavcodec\x86\rv34dsp.asm">
      <Filter>libavcodec\x86</Filter>
    </yasm>
    <yasm Include="..\libavcodec\x86\rv40dsp.asm">
      <Filter>libavcodec\x86</Filter>
    </yasm>
    <yasm Include="..\libavcodec\x86\sbrdsp.asm">
      <Filter>libavcodec\x86</Filter>
    </yasm>
    <yasm Include="..\libavcodec\x86\vc1dsp_yasm.asm">
      <Filter>libavcodec\x86</Filter>
    </yasm>
    <yasm Include="..\libavcodec\x86\vp3dsp.asm">
      <Filter>libavcodec\x86</Filter>
    </yasm>
    <yasm Include="..\libavcodec\x86\vp56dsp.asm">
      <Filter>libavcodec\x86</Filter>
    </yasm>
    <yasm Include="..\libavcodec\x86\vp8dsp.asm">
      <Filter>libavcodec\x86</Filter>
    </yasm>
    <yasm Include="..\libavutil\x86\x86inc.asm">
      <Filter>libavutil\x86</Filter>
    </yasm>
    <yasm Include="..\libavutil\x86\x86util.asm">
      <Filter>libavutil\x86</Filter>
    </yasm>
    <yasm Include="..\libswscale\x86\input.asm">
      <Filter>libswscale\x86</Filter>
    </yasm>
    <yasm Include="..\libswscale\x86\output.asm">
      <Filter>libswscale\x86</Filter>
    </yasm>
    <yasm Include="..\libswscale\x86\scale.asm">
      <Filter>libswscale\x86</Filter>
    </yasm>
  </ItemGroup>
</Project>