<?xml version="1.0" encoding="utf-8"?>
<Project ToolsVersion="4.0" xmlns="http://schemas.microsoft.com/developer/msbuild/2003">
  <ItemGroup>
    <Filter Include="Source Files">
      <UniqueIdentifier>{82f534e7-c3e2-4bbd-a0d7-f6749c3ce288}</UniqueIdentifier>
      <Extensions>cpp;c;cxx;def;odl;idl;hpj;bat;asm</Extensions>
    </Filter>
    <Filter Include="Header Files">
      <UniqueIdentifier>{50298440-a558-44f0-badd-e710416ae9e7}</UniqueIdentifier>
      <Extensions>h;hpp;hxx;hm;inl;inc</Extensions>
    </Filter>
    <Filter Include="Resource Files">
      <UniqueIdentifier>{91b0de72-c015-4f8b-88fc-f39cda9d3c84}</UniqueIdentifier>
    </Filter>
  </ItemGroup>
  <ItemGroup>
    <ClCompile Include="combase.cpp">
      <Filter>Source Files</Filter>
    </ClCompile>
    <ClCompile Include="ff_wmv9.cpp">
      <Filter>Source Files</Filter>
    </ClCompile>
    <ClCompile Include="GenProfile_lib.cpp">
      <Filter>Source Files</Filter>
    </ClCompile>
    <ClCompile Include="nssBuffer.cpp">
      <Filter>Source Files</Filter>
    </ClCompile>
    <ClCompile Include="stdafx.cpp">
      <Filter>Source Files</Filter>
    </ClCompile>
    <ClCompile Include="videoenc.cpp">
      <Filter>Source Files</Filter>
    </ClCompile>
    <ClCompile Include="writerSink.cpp">
      <Filter>Source Files</Filter>
    </ClCompile>
    <ClCompile Include="..\..\imgFilters\ffImgfmt.cpp">
      <Filter>Source Files</Filter>
    </ClCompile>
    <ClCompile Include="..\..\baseclasses\strmiids.cpp">
      <Filter>Source Files</Filter>
    </ClCompile>
  </ItemGroup>
  <ItemGroup>
    <ClInclude Include="combase.h">
      <Filter>Header Files</Filter>
    </ClInclude>
    <ClInclude Include="encappErr.h">
      <Filter>Header Files</Filter>
    </ClInclude>
    <ClInclude Include="encode.h">
      <Filter>Header Files</Filter>
    </ClInclude>
    <ClInclude Include="ff_wmv9.h">
      <Filter>Header Files</Filter>
    </ClInclude>
    <ClInclude Include="GenProfile_lib.h">
      <Filter>Header Files</Filter>
    </ClInclude>
    <ClInclude Include="nssBuffer.h">
      <Filter>Header Files</Filter>
    </ClInclude>
    <ClInclude Include="stdafx.h">
      <Filter>Header Files</Filter>
    </ClInclude>
    <ClInclude Include="Twmv9dll.h">
      <Filter>Header Files</Filter>
    </ClInclude>
    <ClInclude Include="videoenc.h">
      <Filter>Header Files</Filter>
    </ClInclude>
    <ClInclude Include="writerSink.h">
      <Filter>Header Files</Filter>
    </ClInclude>
  </ItemGroup>
  <ItemGroup>
    <None Include="ff_wmv9.def" />
  </ItemGroup>
  <ItemGroup>
    <ResourceCompile Include="ff_wmv9.rc">
      <Filter>Resource Files</Filter>
    </ResourceCompile>
  </ItemGroup>
</Project>