<?xml version="1.0" encoding="utf-8"?>
<Project ToolsVersion="4.0" xmlns="http://schemas.microsoft.com/developer/msbuild/2003">
  <ItemGroup>
    <Filter Include="Source Files">
      <UniqueIdentifier>{19732ecc-4238-4e2b-b173-d79913f652f2}</UniqueIdentifier>
      <Extensions>cpp;c;cxx;def;odl;idl;hpj;bat;asm</Extensions>
    </Filter>
    <Filter Include="Header Files">
      <UniqueIdentifier>{58de1c2f-f46d-45b1-872e-ba27477df811}</UniqueIdentifier>
      <Extensions>h;hpp;hxx;hm;inl;inc</Extensions>
    </Filter>
    <Filter Include="Resource Files">
      <UniqueIdentifier>{ddae2c14-27ab-4c05-9455-4687ee7c858f}</UniqueIdentifier>
    </Filter>
  </ItemGroup>
  <ItemGroup>
    <ClCompile Include="combase.cpp">
      <Filter>Source Files</Filter>
    </ClCompile>
    <ClCompile Include="ff_wmv9.cpp">
      <Filter>Source Files</Filter>
    </ClCompile>
    <ClCompile Include="..\..\imgFilters\ffImgfmt.cpp">
      <Filter>Source Files</Filter>
    </ClCompile>
    <ClCompile Include="GenProfile_lib.cpp">
      <Filter>Source Files</Filter>
    </ClCompile>
    <ClCompile Include="nssBuffer.cpp">
      <Filter>Source Files</Filter>
    </ClCompile>
    <ClCompile Include="stdafx.cpp">
      <Filter>Source Files</Filter>
    </ClCompile>
    <ClCompile Include="..\..\baseclasses\strmiids.cpp">
      <Filter>Source Files</Filter>
    </ClCompile>
    <ClCompile Include="videoenc.cpp">
      <Filter>Source Files</Filter>
    </ClCompile>
    <ClCompile Include="writerSink.cpp">
      <Filter>Source Files</Filter>
    </ClCompile>
  </ItemGroup>
  <ItemGroup>
    <ClInclude Include="combase.h">
      <Filter>Header Files</Filter>
    </ClInclude>
    <ClInclude Include="encappErr.h">
      <Filter>Header Files</Filter>
    </ClInclude>
    <ClInclude Include="encode.h">
      <Filter>Header Files</Filter>
    </ClInclude>
    <ClInclude Include="ff_wmv9.h">
      <Filter>Header Files</Filter>
    </ClInclude>
    <ClInclude Include="GenProfile_lib.h">
      <Filter>Header Files</Filter>
    </ClInclude>
    <ClInclude Include="nssBuffer.h">
      <Filter>Header Files</Filter>
    </ClInclude>
    <ClInclude Include="stdafx.h">
      <Filter>Header Files</Filter>
    </ClInclude>
    <ClInclude Include="Twmv9dll.h">
      <Filter>Header Files</Filter>
    </ClInclude>
    <ClInclude Include="videoenc.h">
      <Filter>Header Files</Filter>
    </ClInclude>
    <ClInclude Include="writerSink.h">
      <Filter>Header Files</Filter>
    </ClInclude>
  </ItemGroup>
  <ItemGroup>
    <None Include="ff_wmv9.def">
      <Filter>Source Files</Filter>
    </None>
  </ItemGroup>
  <ItemGroup>
    <ResourceCompile Include="ff_wmv9.rc">
      <Filter>Resource Files</Filter>
    </ResourceCompile>
  </ItemGroup>
</Project>