<?xml version="1.0" encoding="utf-8"?>
<Project ToolsVersion="4.0" xmlns="http://schemas.microsoft.com/developer/msbuild/2003">
  <ItemGroup>
    <Filter Include="Source Files">
      <UniqueIdentifier>{8dde02ce-3bad-4ffe-8037-da75b5bdf4ce}</UniqueIdentifier>
      <Extensions>cpp;c;cxx;rc;def;r;odl;idl;hpj;bat</Extensions>
    </Filter>
    <Filter Include="Header Files">
      <UniqueIdentifier>{676fe90e-c3af-40ef-b4a0-18d3c4394168}</UniqueIdentifier>
      <Extensions>h;hpp;hxx;hm;inl</Extensions>
    </Filter>
    <Filter Include="Resource Files">
      <UniqueIdentifier>{08b0c4eb-4f15-489b-baf0-e79c80fff40b}</UniqueIdentifier>
      <Extensions>ico;cur;bmp;dlg;rc2;rct;bin;rgs;gif;jpg;jpeg;jpe</Extensions>
    </Filter>
  </ItemGroup>
  <ItemGroup>
    <ClCompile Include="..\src\ffdebug.c">
      <Filter>Source Files</Filter>
    </ClCompile>
    <ClCompile Include="FLT_ffdshow.cpp">
      <Filter>Source Files</Filter>
    </ClCompile>
  </ItemGroup>
  <ItemGroup>
    <ClInclude Include="..\src\imgFilters\avisynth\avisynth.h">
      <Filter>Header Files</Filter>
    </ClInclude>
    <ClInclude Include="..\src\imgFilters\DScaler\DS_ApiCommon.h">
      <Filter>Header Files</Filter>
    </ClInclude>
    <ClInclude Include="..\src\imgFilters\DScaler\DS_Control.h">
      <Filter>Header Files</Filter>
    </ClInclude>
    <ClInclude Include="..\src\imgFilters\DScaler\DS_Filter.h">
      <Filter>Header Files</Filter>
    </ClInclude>
    <ClInclude Include="..\src\ffdebug.h">
      <Filter>Header Files</Filter>
    </ClInclude>
    <ClInclude Include="..\src\imgFilters\ffImgfmt.h">
      <Filter>Header Files</Filter>
    </ClInclude>
    <ClInclude Include="..\src\IffdshowParamsEnum.h">
      <Filter>Header Files</Filter>
    </ClInclude>
    <ClInclude Include="..\src\imgFilters\IffProc.h">
      <Filter>Header Files</Filter>
    </ClInclude>
    <ClInclude Include="..\src\inttypes.h">
      <Filter>Header Files</Filter>
    </ClInclude>
  </ItemGroup>
  <ItemGroup>
    <ResourceCompile Include="FLT_ffdshow.rc">
      <Filter>Resource Files</Filter>
    </ResourceCompile>
  </ItemGroup>
</Project>