<?xml version="1.0" encoding="utf-8"?>
<Project ToolsVersion="4.0" xmlns="http://schemas.microsoft.com/developer/msbuild/2003">
  <ItemGroup>
    <Filter Include="Source Files">
      <UniqueIdentifier>{f35dfb35-4c7c-4162-890a-6a0c5c7a83c4}</UniqueIdentifier>
      <Extensions>cpp;c;cxx;rc;def;r;odl;idl;hpj;bat</Extensions>
    </Filter>
    <Filter Include="Header Files">
      <UniqueIdentifier>{6ce8254a-205d-4509-b744-19c6d755755e}</UniqueIdentifier>
      <Extensions>h;hpp;hxx;hm;inl</Extensions>
    </Filter>
    <Filter Include="Resource Files">
      <UniqueIdentifier>{0b303034-0cfe-4700-836d-25f4b42e0f35}</UniqueIdentifier>
    </Filter>
  </ItemGroup>
  <ItemGroup>
    <ClCompile Include="bit_allocate.c">
      <Filter>Source Files</Filter>
    </ClCompile>
    <ClCompile Include="bitstream.c">
      <Filter>Source Files</Filter>
    </ClCompile>
    <ClCompile Include="downmix.c">
      <Filter>Source Files</Filter>
    </ClCompile>
    <ClCompile Include="imdct.c">
      <Filter>Source Files</Filter>
    </ClCompile>
    <ClCompile Include="parse.c">
      <Filter>Source Files</Filter>
    </ClCompile>
  </ItemGroup>
  <ItemGroup>
    <ClInclude Include="a52.h">
      <Filter>Header Files</Filter>
    </ClInclude>
    <ClInclude Include="a52_internal.h">
      <Filter>Header Files</Filter>
    </ClInclude>
    <ClInclude Include="bitstream.h">
      <Filter>Header Files</Filter>
    </ClInclude>
    <ClInclude Include="config.h">
      <Filter>Header Files</Filter>
    </ClInclude>
    <ClInclude Include="..\..\inttypes.h">
      <Filter>Header Files</Filter>
    </ClInclude>
    <ClInclude Include="tables.h">
      <Filter>Header Files</Filter>
    </ClInclude>
  </ItemGroup>
  <ItemGroup>
    <ResourceCompile Include="ff_liba52.rc">
      <Filter>Resource Files</Filter>
    </ResourceCompile>
  </ItemGroup>
  <ItemGroup>
    <None Include="ff_liba52.def" />
  </ItemGroup>
</Project>