Microsoft Visual Studio Solution File, Format Version 9.00
# Visual Studio 2005
Project("{EAF909A5-FA59-4C3D-9431-0FCC20D5BCF9}") = "TomsMoComp_ff", "TomsMoComp_ff_icl10.icproj", "{4305F900-C57B-4C72-964B-B1EC2543F6FA}"
EndProject
Global
	GlobalSection(SolutionConfigurationPlatforms) = preSolution
		Debug|Win32 = Debug|Win32
		Debug|x64 = Debug|x64
		Release|Win32 = Release|Win32
		Release|x64 = Release|x64
	EndGlobalSection
	GlobalSection(ProjectConfigurationPlatforms) = postSolution
		{4305F900-C57B-4C72-964B-B1EC2543F6FA}.Debug|Win32.ActiveCfg = Debug|Win32
		{4305F900-C57B-4C72-964B-B1EC2543F6FA}.Debug|Win32.Build.0 = Debug|Win32
		{4305F900-C57B-4C72-964B-B1EC2543F6FA}.Debug|x64.ActiveCfg = Debug|x64
		{4305F900-C57B-4C72-964B-B1EC2543F6FA}.Debug|x64.Build.0 = Debug|x64
		{4305F900-C57B-4C72-964B-B1EC2543F6FA}.Release|Win32.ActiveCfg = Release|Win32
		{4305F900-C57B-4C72-964B-B1EC2543F6FA}.Release|Win32.Build.0 = Release|Win32
		{4305F900-C57B-4C72-964B-B1EC2543F6FA}.Release|x64.ActiveCfg = Release|x64
		{4305F900-C57B-4C72-964B-B1EC2543F6FA}.Release|x64.Build.0 = Release|x64
		{864F0D43-412C-44DF-98AD-E8C24B230D5C}.Release|x64.Build.0 = Release|x64
		{864F0D43-412C-44DF-98AD-E8C24B230D5C}.Release|x64.ActiveCfg = Release|x64
		{864F0D43-412C-44DF-98AD-E8C24B230D5C}.Release|Win32.Build.0 = Release|Win32
		{864F0D43-412C-44DF-98AD-E8C24B230D5C}.Release|Win32.ActiveCfg = Release|Win32
		{864F0D43-412C-44DF-98AD-E8C24B230D5C}.Debug|x64.Build.0 = Debug|x64
		{864F0D43-412C-44DF-98AD-E8C24B230D5C}.Debug|x64.ActiveCfg = Debug|x64
		{864F0D43-412C-44DF-98AD-E8C24B230D5C}.Debug|Win32.Build.0 = Debug|Win32
		{864F0D43-412C-44DF-98AD-E8C24B230D5C}.Debug|Win32.ActiveCfg = Debug|Win32
	EndGlobalSection
	GlobalSection(SolutionProperties) = preSolution
		HideSolutionNode = FALSE
	EndGlobalSection
EndGlobal
